// !$*UTF8*$!
{
	archiveVersion = 1;
	classes = {
	};
	objectVersion = 46;
	objects = {

/* Begin PBXBuildFile section */
		01002CEA188E349E0041451D /* bookinfo.html in Resources */ = {isa = PBXBuildFile; fileRef = 01002CE9188E349E0041451D /* bookinfo.html */; };
		01002CEC188EAD670041451D /* AVFoundation.framework in Frameworks */ = {isa = PBXBuildFile; fileRef = 01002CEB188EAD670041451D /* AVFoundation.framework */; };
		01010F5D18842A010004D0CE /* FTWCache.m in Sources */ = {isa = PBXBuildFile; fileRef = 01010F5C18842A010004D0CE /* FTWCache.m */; };
		01010F691885890D0004D0CE /* STRootViewController.m in Sources */ = {isa = PBXBuildFile; fileRef = 01010F681885890D0004D0CE /* STRootViewController.m */; };
		01010F711885893A0004D0CE /* STHanoiOperation.m in Sources */ = {isa = PBXBuildFile; fileRef = 01010F6C1885893A0004D0CE /* STHanoiOperation.m */; };
		01010F721885893A0004D0CE /* STHanoiView.m in Sources */ = {isa = PBXBuildFile; fileRef = 01010F6E1885893A0004D0CE /* STHanoiView.m */; };
		01010F731885893A0004D0CE /* STHanoiViewController.m in Sources */ = {isa = PBXBuildFile; fileRef = 01010F701885893A0004D0CE /* STHanoiViewController.m */; };
		01010F7A188589470004D0CE /* STSortOperation.m in Sources */ = {isa = PBXBuildFile; fileRef = 01010F75188589470004D0CE /* STSortOperation.m */; };
		01010F7B188589470004D0CE /* STSortView.m in Sources */ = {isa = PBXBuildFile; fileRef = 01010F77188589470004D0CE /* STSortView.m */; };
		01010F7C188589470004D0CE /* STSortViewController.m in Sources */ = {isa = PBXBuildFile; fileRef = 01010F79188589470004D0CE /* STSortViewController.m */; };
		01010F7F188589510004D0CE /* STCodeViewController.m in Sources */ = {isa = PBXBuildFile; fileRef = 01010F7E188589510004D0CE /* STCodeViewController.m */; };
		01454929186C19A2007E8C25 /* Foundation.framework in Frameworks */ = {isa = PBXBuildFile; fileRef = 01454928186C19A2007E8C25 /* Foundation.framework */; };
		0145492B186C19A2007E8C25 /* CoreGraphics.framework in Frameworks */ = {isa = PBXBuildFile; fileRef = 0145492A186C19A2007E8C25 /* CoreGraphics.framework */; };
		0145492D186C19A2007E8C25 /* UIKit.framework in Frameworks */ = {isa = PBXBuildFile; fileRef = 0145492C186C19A2007E8C25 /* UIKit.framework */; };
		01454933186C19A2007E8C25 /* InfoPlist.strings in Resources */ = {isa = PBXBuildFile; fileRef = 01454931186C19A2007E8C25 /* InfoPlist.strings */; };
		01454935186C19A2007E8C25 /* main.m in Sources */ = {isa = PBXBuildFile; fileRef = 01454934186C19A2007E8C25 /* main.m */; };
		01454939186C19A2007E8C25 /* AppDelegate.m in Sources */ = {isa = PBXBuildFile; fileRef = 01454938186C19A2007E8C25 /* AppDelegate.m */; };
		0145493C186C19A2007E8C25 /* Main.storyboard in Resources */ = {isa = PBXBuildFile; fileRef = 0145493A186C19A2007E8C25 /* Main.storyboard */; };
		01454948186C19A2007E8C25 /* XCTest.framework in Frameworks */ = {isa = PBXBuildFile; fileRef = 01454947186C19A2007E8C25 /* XCTest.framework */; };
		01454949186C19A2007E8C25 /* Foundation.framework in Frameworks */ = {isa = PBXBuildFile; fileRef = 01454928186C19A2007E8C25 /* Foundation.framework */; };
		0145494A186C19A2007E8C25 /* UIKit.framework in Frameworks */ = {isa = PBXBuildFile; fileRef = 0145492C186C19A2007E8C25 /* UIKit.framework */; };
		01454952186C19A2007E8C25 /* InfoPlist.strings in Resources */ = {isa = PBXBuildFile; fileRef = 01454950186C19A2007E8C25 /* InfoPlist.strings */; };
		01454954186C19A2007E8C25 /* HFCampusTests.m in Sources */ = {isa = PBXBuildFile; fileRef = 01454953186C19A2007E8C25 /* HFCampusTests.m */; };
		01454965186C228F007E8C25 /* AccelerationAnimation.m in Sources */ = {isa = PBXBuildFile; fileRef = 01454962186C228F007E8C25 /* AccelerationAnimation.m */; };
		01454966186C228F007E8C25 /* Evaluate.m in Sources */ = {isa = PBXBuildFile; fileRef = 01454964186C228F007E8C25 /* Evaluate.m */; };
		01454969186C22A1007E8C25 /* UIWindow+RESideMenuExtensions.m in Sources */ = {isa = PBXBuildFile; fileRef = 01454968186C22A1007E8C25 /* UIWindow+RESideMenuExtensions.m */; };
		01454972186C22B9007E8C25 /* REBackgroundView.m in Sources */ = {isa = PBXBuildFile; fileRef = 0145496B186C22B9007E8C25 /* REBackgroundView.m */; };
		01454973186C22B9007E8C25 /* RESideMenu.m in Sources */ = {isa = PBXBuildFile; fileRef = 0145496D186C22B9007E8C25 /* RESideMenu.m */; };
		01454974186C22B9007E8C25 /* RESideMenuCell.m in Sources */ = {isa = PBXBuildFile; fileRef = 0145496F186C22B9007E8C25 /* RESideMenuCell.m */; };
		01454975186C22B9007E8C25 /* RESideMenuItem.m in Sources */ = {isa = PBXBuildFile; fileRef = 01454971186C22B9007E8C25 /* RESideMenuItem.m */; };
		01454978186C23CE007E8C25 /* NewsViewController.m in Sources */ = {isa = PBXBuildFile; fileRef = 01454977186C23CE007E8C25 /* NewsViewController.m */; };
		01454983186C6A8B007E8C25 /* PersonsTableViewController.m in Sources */ = {isa = PBXBuildFile; fileRef = 01454982186C6A8B007E8C25 /* PersonsTableViewController.m */; };
		01454989186C7100007E8C25 /* TopicsTableViewController.m in Sources */ = {isa = PBXBuildFile; fileRef = 01454988186C7100007E8C25 /* TopicsTableViewController.m */; };
		01454990186C7A90007E8C25 /* ViewPagerController.m in Sources */ = {isa = PBXBuildFile; fileRef = 0145498E186C7A90007E8C25 /* ViewPagerController.m */; };
		01454994186C7DB1007E8C25 /* newsContentTableViewController.m in Sources */ = {isa = PBXBuildFile; fileRef = 01454993186C7DB1007E8C25 /* newsContentTableViewController.m */; };
		0145499B186D6500007E8C25 /* TopLineCell.m in Sources */ = {isa = PBXBuildFile; fileRef = 0145499A186D6500007E8C25 /* TopLineCell.m */; };
		0145499E186D6529007E8C25 /* NewsLineCell.m in Sources */ = {isa = PBXBuildFile; fileRef = 0145499D186D6529007E8C25 /* NewsLineCell.m */; };
		014549A2186D6EF0007E8C25 /* EScrollerView.m in Sources */ = {isa = PBXBuildFile; fileRef = 014549A0186D6EF0007E8C25 /* EScrollerView.m */; };
		01523999186EA8CF000C729C /* DetailItem.m in Sources */ = {isa = PBXBuildFile; fileRef = 01523990186EA8CF000C729C /* DetailItem.m */; };
		0152399A186EA8CF000C729C /* MenuItem.m in Sources */ = {isa = PBXBuildFile; fileRef = 01523992186EA8CF000C729C /* MenuItem.m */; };
		0152399B186EA8CF000C729C /* PeopleItem.m in Sources */ = {isa = PBXBuildFile; fileRef = 01523994186EA8CF000C729C /* PeopleItem.m */; };
		0152399C186EA8CF000C729C /* UserItem.m in Sources */ = {isa = PBXBuildFile; fileRef = 01523996186EA8CF000C729C /* UserItem.m */; };
		0152399D186EA8CF000C729C /* JSONModel.m in Sources */ = {isa = PBXBuildFile; fileRef = 01523998186EA8CF000C729C /* JSONModel.m */; };
		015239BB186EAB70000C729C /* NSData+Base64.m in Sources */ = {isa = PBXBuildFile; fileRef = 015239B2186EAB70000C729C /* NSData+Base64.m */; };
		015239BC186EAB70000C729C /* NSDate+RFC1123.m in Sources */ = {isa = PBXBuildFile; fileRef = 015239B4186EAB70000C729C /* NSDate+RFC1123.m */; };
		015239BD186EAB70000C729C /* NSDictionary+RequestEncoding.m in Sources */ = {isa = PBXBuildFile; fileRef = 015239B6186EAB70000C729C /* NSDictionary+RequestEncoding.m */; };
		015239BE186EAB70000C729C /* NSString+MKNetworkKitAdditions.m in Sources */ = {isa = PBXBuildFile; fileRef = 015239B8186EAB70000C729C /* NSString+MKNetworkKitAdditions.m */; };
		015239BF186EAB70000C729C /* UIAlertView+MKNetworkKitAdditions.m in Sources */ = {isa = PBXBuildFile; fileRef = 015239BA186EAB70000C729C /* UIAlertView+MKNetworkKitAdditions.m */; };
		015239D7186EADE4000C729C /* MKNetworkEngine.m in Sources */ = {isa = PBXBuildFile; fileRef = 015239D2186EADE4000C729C /* MKNetworkEngine.m */; };
		015239D8186EADE4000C729C /* MKNetworkOperation.m in Sources */ = {isa = PBXBuildFile; fileRef = 015239D6186EADE4000C729C /* MKNetworkOperation.m */; };
		015239DB186EAE9C000C729C /* Reachability.m in Sources */ = {isa = PBXBuildFile; fileRef = 015239D9186EAE9C000C729C /* Reachability.m */; };
		015239DD186EAF80000C729C /* SystemConfiguration.framework in Frameworks */ = {isa = PBXBuildFile; fileRef = 015239DC186EAF80000C729C /* SystemConfiguration.framework */; };
		015239E0186EAFA9000C729C /* RESTfulEngine.m in Sources */ = {isa = PBXBuildFile; fileRef = 015239DE186EAFA9000C729C /* RESTfulEngine.m */; };
		015239E3186EAFB2000C729C /* RESTfulOperation.m in Sources */ = {isa = PBXBuildFile; fileRef = 015239E2186EAFB2000C729C /* RESTfulOperation.m */; };
		015239E6186EB9B2000C729C /* Images.xcassets in Resources */ = {isa = PBXBuildFile; fileRef = 015239E5186EB9B2000C729C /* Images.xcassets */; };
		015239E9186F07A9000C729C /* IndicatorTableViewCell.m in Sources */ = {isa = PBXBuildFile; fileRef = 015239E8186F07A9000C729C /* IndicatorTableViewCell.m */; };
		01523A001870088E000C729C /* MKAnnotationView+WebCache.m in Sources */ = {isa = PBXBuildFile; fileRef = 015239EC1870088E000C729C /* MKAnnotationView+WebCache.m */; };
		01523A011870088E000C729C /* SDImageCache.m in Sources */ = {isa = PBXBuildFile; fileRef = 015239EE1870088E000C729C /* SDImageCache.m */; };
		01523A021870088E000C729C /* SDWebImageCompat.m in Sources */ = {isa = PBXBuildFile; fileRef = 015239F01870088E000C729C /* SDWebImageCompat.m */; };
		01523A031870088E000C729C /* SDWebImageDecoder.m in Sources */ = {isa = PBXBuildFile; fileRef = 015239F21870088E000C729C /* SDWebImageDecoder.m */; };
		01523A041870088E000C729C /* SDWebImageDownloader.m in Sources */ = {isa = PBXBuildFile; fileRef = 015239F41870088E000C729C /* SDWebImageDownloader.m */; };
		01523A051870088E000C729C /* SDWebImageDownloaderOperation.m in Sources */ = {isa = PBXBuildFile; fileRef = 015239F61870088E000C729C /* SDWebImageDownloaderOperation.m */; };
		01523A061870088E000C729C /* SDWebImageManager.m in Sources */ = {isa = PBXBuildFile; fileRef = 015239F81870088E000C729C /* SDWebImageManager.m */; };
		01523A071870088E000C729C /* SDWebImagePrefetcher.m in Sources */ = {isa = PBXBuildFile; fileRef = 015239FB1870088E000C729C /* SDWebImagePrefetcher.m */; };
		01523A081870088E000C729C /* UIButton+WebCache.m in Sources */ = {isa = PBXBuildFile; fileRef = 015239FD1870088E000C729C /* UIButton+WebCache.m */; };
		01523A091870088E000C729C /* UIImageView+WebCache.m in Sources */ = {isa = PBXBuildFile; fileRef = 015239FF1870088E000C729C /* UIImageView+WebCache.m */; };
		01523A0C18713E47000C729C /* NewsContentViewController.m in Sources */ = {isa = PBXBuildFile; fileRef = 01523A0B18713E47000C729C /* NewsContentViewController.m */; };
		017968A81888E70C0015B254 /* PhoneSearchViewController.m in Sources */ = {isa = PBXBuildFile; fileRef = 017968A71888E70C0015B254 /* PhoneSearchViewController.m */; };
		017968AA1889001C0015B254 /* phone_number.xml in Resources */ = {isa = PBXBuildFile; fileRef = 017968A91889001C0015B254 /* phone_number.xml */; };
		017968AE188903D00015B254 /* XMLDictionary.m in Sources */ = {isa = PBXBuildFile; fileRef = 017968AD188903D00015B254 /* XMLDictionary.m */; };
		017968B2188AC8F20015B254 /* BookSearchHelper.m in Sources */ = {isa = PBXBuildFile; fileRef = 017968B1188AC8F20015B254 /* BookSearchHelper.m */; };
		017968B6188ACA810015B254 /* BookSearchViewController.m in Sources */ = {isa = PBXBuildFile; fileRef = 017968B5188ACA810015B254 /* BookSearchViewController.m */; };
		017968BA188AD07D0015B254 /* BookSearchResultTableViewController.m in Sources */ = {isa = PBXBuildFile; fileRef = 017968B9188AD07D0015B254 /* BookSearchResultTableViewController.m */; };
		017968BE188AD4590015B254 /* HiHelper.m in Sources */ = {isa = PBXBuildFile; fileRef = 017968BD188AD4590015B254 /* HiHelper.m */; };
		01D956661879390D00E3948C /* PeronContentImageCell.m in Sources */ = {isa = PBXBuildFile; fileRef = 01D956651879390D00E3948C /* PeronContentImageCell.m */; };
		01D956691879392E00E3948C /* PersonIntroductionCell.m in Sources */ = {isa = PBXBuildFile; fileRef = 01D956681879392E00E3948C /* PersonIntroductionCell.m */; };
		01D9566F187A96F600E3948C /* DRNRealTimeBlurView.m in Sources */ = {isa = PBXBuildFile; fileRef = 01D9566C187A96F600E3948C /* DRNRealTimeBlurView.m */; };
		01D95670187A96F600E3948C /* UIImage+BoxBlur.m in Sources */ = {isa = PBXBuildFile; fileRef = 01D9566E187A96F600E3948C /* UIImage+BoxBlur.m */; };
		01DCE53418714D52006AD3FE /* AMScrollingNavbarViewController.m in Sources */ = {isa = PBXBuildFile; fileRef = 01DCE53318714D52006AD3FE /* AMScrollingNavbarViewController.m */; };
		01DCE5381871518F006AD3FE /* person.html in Resources */ = {isa = PBXBuildFile; fileRef = 01DCE5351871518F006AD3FE /* person.html */; };
		01DCE5391871518F006AD3FE /* activity.html in Resources */ = {isa = PBXBuildFile; fileRef = 01DCE5361871518F006AD3FE /* activity.html */; };
		01DCE53A1871518F006AD3FE /* news.html in Resources */ = {isa = PBXBuildFile; fileRef = 01DCE5371871518F006AD3FE /* news.html */; };
		01DCE54118715599006AD3FE /* FileHelper.m in Sources */ = {isa = PBXBuildFile; fileRef = 01DCE54018715599006AD3FE /* FileHelper.m */; };
		01DCE54718716356006AD3FE /* SVProgressHUD.bundle in Resources */ = {isa = PBXBuildFile; fileRef = 01DCE54418716356006AD3FE /* SVProgressHUD.bundle */; };
		01DCE54818716356006AD3FE /* SVProgressHUD.m in Sources */ = {isa = PBXBuildFile; fileRef = 01DCE54618716356006AD3FE /* SVProgressHUD.m */; };
		01DCE54E187561D3006AD3FE /* PersonListCell.m in Sources */ = {isa = PBXBuildFile; fileRef = 01DCE54D187561D3006AD3FE /* PersonListCell.m */; };
		01DCE55118769806006AD3FE /* IndicatorPersonCell.m in Sources */ = {isa = PBXBuildFile; fileRef = 01DCE55018769806006AD3FE /* IndicatorPersonCell.m */; };
		01DCE5541876F1C4006AD3FE /* PersonContentViewController.m in Sources */ = {isa = PBXBuildFile; fileRef = 01DCE5531876F1C4006AD3FE /* PersonContentViewController.m */; };
/* End PBXBuildFile section */

/* Begin PBXContainerItemProxy section */
		0145494B186C19A2007E8C25 /* PBXContainerItemProxy */ = {
			isa = PBXContainerItemProxy;
			containerPortal = 0145491D186C19A2007E8C25 /* Project object */;
			proxyType = 1;
			remoteGlobalIDString = 01454924186C19A2007E8C25;
			remoteInfo = HFCampus;
		};
/* End PBXContainerItemProxy section */

/* Begin PBXFileReference section */
		01002CE9188E349E0041451D /* bookinfo.html */ = {isa = PBXFileReference; fileEncoding = 4; lastKnownFileType = text.html; path = bookinfo.html; sourceTree = "<group>"; };
		01002CEB188EAD670041451D /* AVFoundation.framework */ = {isa = PBXFileReference; lastKnownFileType = wrapper.framework; name = AVFoundation.framework; path = System/Library/Frameworks/AVFoundation.framework; sourceTree = SDKROOT; };
		01010F5B18842A010004D0CE /* FTWCache.h */ = {isa = PBXFileReference; fileEncoding = 4; lastKnownFileType = sourcecode.c.h; name = FTWCache.h; path = FTWCache/FTWCache.h; sourceTree = "<group>"; };
		01010F5C18842A010004D0CE /* FTWCache.m */ = {isa = PBXFileReference; fileEncoding = 4; lastKnownFileType = sourcecode.c.objc; name = FTWCache.m; path = FTWCache/FTWCache.m; sourceTree = "<group>"; };
		01010F671885890D0004D0CE /* STRootViewController.h */ = {isa = PBXFileReference; fileEncoding = 4; lastKnownFileType = sourcecode.c.h; name = STRootViewController.h; path = "算法/STRootViewController.h"; sourceTree = "<group>"; };
		01010F681885890D0004D0CE /* STRootViewController.m */ = {isa = PBXFileReference; fileEncoding = 4; lastKnownFileType = sourcecode.c.objc; name = STRootViewController.m; path = "算法/STRootViewController.m"; sourceTree = "<group>"; };
		01010F6B1885893A0004D0CE /* STHanoiOperation.h */ = {isa = PBXFileReference; fileEncoding = 4; lastKnownFileType = sourcecode.c.h; name = STHanoiOperation.h; path = "算法/STHanoiOperation.h"; sourceTree = "<group>"; };
		01010F6C1885893A0004D0CE /* STHanoiOperation.m */ = {isa = PBXFileReference; fileEncoding = 4; lastKnownFileType = sourcecode.c.objc; name = STHanoiOperation.m; path = "算法/STHanoiOperation.m"; sourceTree = "<group>"; };
		01010F6D1885893A0004D0CE /* STHanoiView.h */ = {isa = PBXFileReference; fileEncoding = 4; lastKnownFileType = sourcecode.c.h; name = STHanoiView.h; path = "算法/STHanoiView.h"; sourceTree = "<group>"; };
		01010F6E1885893A0004D0CE /* STHanoiView.m */ = {isa = PBXFileReference; fileEncoding = 4; lastKnownFileType = sourcecode.c.objc; name = STHanoiView.m; path = "算法/STHanoiView.m"; sourceTree = "<group>"; };
		01010F6F1885893A0004D0CE /* STHanoiViewController.h */ = {isa = PBXFileReference; fileEncoding = 4; lastKnownFileType = sourcecode.c.h; name = STHanoiViewController.h; path = "算法/STHanoiViewController.h"; sourceTree = "<group>"; };
		01010F701885893A0004D0CE /* STHanoiViewController.m */ = {isa = PBXFileReference; fileEncoding = 4; lastKnownFileType = sourcecode.c.objc; name = STHanoiViewController.m; path = "算法/STHanoiViewController.m"; sourceTree = "<group>"; };
		01010F74188589470004D0CE /* STSortOperation.h */ = {isa = PBXFileReference; fileEncoding = 4; lastKnownFileType = sourcecode.c.h; name = STSortOperation.h; path = "算法/STSortOperation.h"; sourceTree = "<group>"; };
		01010F75188589470004D0CE /* STSortOperation.m */ = {isa = PBXFileReference; fileEncoding = 4; lastKnownFileType = sourcecode.c.objc; name = STSortOperation.m; path = "算法/STSortOperation.m"; sourceTree = "<group>"; };
		01010F76188589470004D0CE /* STSortView.h */ = {isa = PBXFileReference; fileEncoding = 4; lastKnownFileType = sourcecode.c.h; name = STSortView.h; path = "算法/STSortView.h"; sourceTree = "<group>"; };
		01010F77188589470004D0CE /* STSortView.m */ = {isa = PBXFileReference; fileEncoding = 4; lastKnownFileType = sourcecode.c.objc; name = STSortView.m; path = "算法/STSortView.m"; sourceTree = "<group>"; };
		01010F78188589470004D0CE /* STSortViewController.h */ = {isa = PBXFileReference; fileEncoding = 4; lastKnownFileType = sourcecode.c.h; name = STSortViewController.h; path = "算法/STSortViewController.h"; sourceTree = "<group>"; };
		01010F79188589470004D0CE /* STSortViewController.m */ = {isa = PBXFileReference; fileEncoding = 4; lastKnownFileType = sourcecode.c.objc; name = STSortViewController.m; path = "算法/STSortViewController.m"; sourceTree = "<group>"; };
		01010F7D188589510004D0CE /* STCodeViewController.h */ = {isa = PBXFileReference; fileEncoding = 4; lastKnownFileType = sourcecode.c.h; name = STCodeViewController.h; path = "算法/STCodeViewController.h"; sourceTree = "<group>"; };
		01010F7E188589510004D0CE /* STCodeViewController.m */ = {isa = PBXFileReference; fileEncoding = 4; lastKnownFileType = sourcecode.c.objc; name = STCodeViewController.m; path = "算法/STCodeViewController.m"; sourceTree = "<group>"; };
		01454925186C19A2007E8C25 /* HFCampus.app */ = {isa = PBXFileReference; explicitFileType = wrapper.application; includeInIndex = 0; path = HFCampus.app; sourceTree = BUILT_PRODUCTS_DIR; };
		01454928186C19A2007E8C25 /* Foundation.framework */ = {isa = PBXFileReference; lastKnownFileType = wrapper.framework; name = Foundation.framework; path = System/Library/Frameworks/Foundation.framework; sourceTree = SDKROOT; };
		0145492A186C19A2007E8C25 /* CoreGraphics.framework */ = {isa = PBXFileReference; lastKnownFileType = wrapper.framework; name = CoreGraphics.framework; path = System/Library/Frameworks/CoreGraphics.framework; sourceTree = SDKROOT; };
		0145492C186C19A2007E8C25 /* UIKit.framework */ = {isa = PBXFileReference; lastKnownFileType = wrapper.framework; name = UIKit.framework; path = System/Library/Frameworks/UIKit.framework; sourceTree = SDKROOT; };
		01454930186C19A2007E8C25 /* HFCampus-Info.plist */ = {isa = PBXFileReference; lastKnownFileType = text.plist.xml; path = "HFCampus-Info.plist"; sourceTree = "<group>"; };
		01454932186C19A2007E8C25 /* en */ = {isa = PBXFileReference; lastKnownFileType = text.plist.strings; name = en; path = en.lproj/InfoPlist.strings; sourceTree = "<group>"; };
		01454934186C19A2007E8C25 /* main.m */ = {isa = PBXFileReference; lastKnownFileType = sourcecode.c.objc; path = main.m; sourceTree = "<group>"; };
		01454936186C19A2007E8C25 /* HFCampus-Prefix.pch */ = {isa = PBXFileReference; lastKnownFileType = sourcecode.c.h; path = "HFCampus-Prefix.pch"; sourceTree = "<group>"; };
		01454937186C19A2007E8C25 /* AppDelegate.h */ = {isa = PBXFileReference; lastKnownFileType = sourcecode.c.h; path = AppDelegate.h; sourceTree = "<group>"; };
		01454938186C19A2007E8C25 /* AppDelegate.m */ = {isa = PBXFileReference; lastKnownFileType = sourcecode.c.objc; path = AppDelegate.m; sourceTree = "<group>"; };
		0145493B186C19A2007E8C25 /* Base */ = {isa = PBXFileReference; lastKnownFileType = file.storyboard; name = Base; path = Base.lproj/Main.storyboard; sourceTree = "<group>"; };
		01454946186C19A2007E8C25 /* HFCampusTests.xctest */ = {isa = PBXFileReference; explicitFileType = wrapper.cfbundle; includeInIndex = 0; path = HFCampusTests.xctest; sourceTree = BUILT_PRODUCTS_DIR; };
		01454947186C19A2007E8C25 /* XCTest.framework */ = {isa = PBXFileReference; lastKnownFileType = wrapper.framework; name = XCTest.framework; path = Library/Frameworks/XCTest.framework; sourceTree = DEVELOPER_DIR; };
		0145494F186C19A2007E8C25 /* HFCampusTests-Info.plist */ = {isa = PBXFileReference; lastKnownFileType = text.plist.xml; path = "HFCampusTests-Info.plist"; sourceTree = "<group>"; };
		01454951186C19A2007E8C25 /* en */ = {isa = PBXFileReference; lastKnownFileType = text.plist.strings; name = en; path = en.lproj/InfoPlist.strings; sourceTree = "<group>"; };
		01454953186C19A2007E8C25 /* HFCampusTests.m */ = {isa = PBXFileReference; lastKnownFileType = sourcecode.c.objc; path = HFCampusTests.m; sourceTree = "<group>"; };
		01454961186C228F007E8C25 /* AccelerationAnimation.h */ = {isa = PBXFileReference; fileEncoding = 4; lastKnownFileType = sourcecode.c.h; path = AccelerationAnimation.h; sourceTree = "<group>"; };
		01454962186C228F007E8C25 /* AccelerationAnimation.m */ = {isa = PBXFileReference; fileEncoding = 4; lastKnownFileType = sourcecode.c.objc; path = AccelerationAnimation.m; sourceTree = "<group>"; };
		01454963186C228F007E8C25 /* Evaluate.h */ = {isa = PBXFileReference; fileEncoding = 4; lastKnownFileType = sourcecode.c.h; path = Evaluate.h; sourceTree = "<group>"; };
		01454964186C228F007E8C25 /* Evaluate.m */ = {isa = PBXFileReference; fileEncoding = 4; lastKnownFileType = sourcecode.c.objc; path = Evaluate.m; sourceTree = "<group>"; };
		01454967186C22A1007E8C25 /* UIWindow+RESideMenuExtensions.h */ = {isa = PBXFileReference; fileEncoding = 4; lastKnownFileType = sourcecode.c.h; path = "UIWindow+RESideMenuExtensions.h"; sourceTree = "<group>"; };
		01454968186C22A1007E8C25 /* UIWindow+RESideMenuExtensions.m */ = {isa = PBXFileReference; fileEncoding = 4; lastKnownFileType = sourcecode.c.objc; path = "UIWindow+RESideMenuExtensions.m"; sourceTree = "<group>"; };
		0145496A186C22B9007E8C25 /* REBackgroundView.h */ = {isa = PBXFileReference; fileEncoding = 4; lastKnownFileType = sourcecode.c.h; path = REBackgroundView.h; sourceTree = "<group>"; };
		0145496B186C22B9007E8C25 /* REBackgroundView.m */ = {isa = PBXFileReference; fileEncoding = 4; lastKnownFileType = sourcecode.c.objc; path = REBackgroundView.m; sourceTree = "<group>"; };
		0145496C186C22B9007E8C25 /* RESideMenu.h */ = {isa = PBXFileReference; fileEncoding = 4; lastKnownFileType = sourcecode.c.h; path = RESideMenu.h; sourceTree = "<group>"; };
		0145496D186C22B9007E8C25 /* RESideMenu.m */ = {isa = PBXFileReference; fileEncoding = 4; lastKnownFileType = sourcecode.c.objc; path = RESideMenu.m; sourceTree = "<group>"; };
		0145496E186C22B9007E8C25 /* RESideMenuCell.h */ = {isa = PBXFileReference; fileEncoding = 4; lastKnownFileType = sourcecode.c.h; path = RESideMenuCell.h; sourceTree = "<group>"; };
		0145496F186C22B9007E8C25 /* RESideMenuCell.m */ = {isa = PBXFileReference; fileEncoding = 4; lastKnownFileType = sourcecode.c.objc; path = RESideMenuCell.m; sourceTree = "<group>"; };
		01454970186C22B9007E8C25 /* RESideMenuItem.h */ = {isa = PBXFileReference; fileEncoding = 4; lastKnownFileType = sourcecode.c.h; path = RESideMenuItem.h; sourceTree = "<group>"; };
		01454971186C22B9007E8C25 /* RESideMenuItem.m */ = {isa = PBXFileReference; fileEncoding = 4; lastKnownFileType = sourcecode.c.objc; path = RESideMenuItem.m; sourceTree = "<group>"; };
		01454976186C23CE007E8C25 /* NewsViewController.h */ = {isa = PBXFileReference; fileEncoding = 4; lastKnownFileType = sourcecode.c.h; path = NewsViewController.h; sourceTree = "<group>"; };
		01454977186C23CE007E8C25 /* NewsViewController.m */ = {isa = PBXFileReference; fileEncoding = 4; lastKnownFileType = sourcecode.c.objc; path = NewsViewController.m; sourceTree = "<group>"; };
		01454979186C24DB007E8C25 /* constVar.h */ = {isa = PBXFileReference; fileEncoding = 4; lastKnownFileType = sourcecode.c.h; path = constVar.h; sourceTree = "<group>"; };
		01454981186C6A8B007E8C25 /* PersonsTableViewController.h */ = {isa = PBXFileReference; fileEncoding = 4; lastKnownFileType = sourcecode.c.h; path = PersonsTableViewController.h; sourceTree = "<group>"; };
		01454982186C6A8B007E8C25 /* PersonsTableViewController.m */ = {isa = PBXFileReference; fileEncoding = 4; lastKnownFileType = sourcecode.c.objc; path = PersonsTableViewController.m; sourceTree = "<group>"; };
		01454987186C7100007E8C25 /* TopicsTableViewController.h */ = {isa = PBXFileReference; fileEncoding = 4; lastKnownFileType = sourcecode.c.h; path = TopicsTableViewController.h; sourceTree = "<group>"; };
		01454988186C7100007E8C25 /* TopicsTableViewController.m */ = {isa = PBXFileReference; fileEncoding = 4; lastKnownFileType = sourcecode.c.objc; path = TopicsTableViewController.m; sourceTree = "<group>"; };
		0145498E186C7A90007E8C25 /* ViewPagerController.m */ = {isa = PBXFileReference; fileEncoding = 4; lastKnownFileType = sourcecode.c.objc; path = ViewPagerController.m; sourceTree = "<group>"; };
		0145498F186C7A90007E8C25 /* ViewPagerController.h */ = {isa = PBXFileReference; fileEncoding = 4; lastKnownFileType = sourcecode.c.h; path = ViewPagerController.h; sourceTree = "<group>"; };
		01454992186C7DB1007E8C25 /* newsContentTableViewController.h */ = {isa = PBXFileReference; fileEncoding = 4; lastKnownFileType = sourcecode.c.h; path = newsContentTableViewController.h; sourceTree = "<group>"; };
		01454993186C7DB1007E8C25 /* newsContentTableViewController.m */ = {isa = PBXFileReference; fileEncoding = 4; lastKnownFileType = sourcecode.c.objc; path = newsContentTableViewController.m; sourceTree = "<group>"; };
		01454999186D6500007E8C25 /* TopLineCell.h */ = {isa = PBXFileReference; fileEncoding = 4; lastKnownFileType = sourcecode.c.h; path = TopLineCell.h; sourceTree = "<group>"; };
		0145499A186D6500007E8C25 /* TopLineCell.m */ = {isa = PBXFileReference; fileEncoding = 4; lastKnownFileType = sourcecode.c.objc; path = TopLineCell.m; sourceTree = "<group>"; };
		0145499C186D6529007E8C25 /* NewsLineCell.h */ = {isa = PBXFileReference; fileEncoding = 4; lastKnownFileType = sourcecode.c.h; path = NewsLineCell.h; sourceTree = "<group>"; };
		0145499D186D6529007E8C25 /* NewsLineCell.m */ = {isa = PBXFileReference; fileEncoding = 4; lastKnownFileType = sourcecode.c.objc; path = NewsLineCell.m; sourceTree = "<group>"; };
		014549A0186D6EF0007E8C25 /* EScrollerView.m */ = {isa = PBXFileReference; fileEncoding = 4; lastKnownFileType = sourcecode.c.objc; path = EScrollerView.m; sourceTree = "<group>"; };
		014549A1186D6EF0007E8C25 /* EScrollerView.h */ = {isa = PBXFileReference; fileEncoding = 4; lastKnownFileType = sourcecode.c.h; path = EScrollerView.h; sourceTree = "<group>"; };
		0152398F186EA8CF000C729C /* DetailItem.h */ = {isa = PBXFileReference; fileEncoding = 4; lastKnownFileType = sourcecode.c.h; name = DetailItem.h; path = RESTfulEngine/DetailItem.h; sourceTree = "<group>"; };
		01523990186EA8CF000C729C /* DetailItem.m */ = {isa = PBXFileReference; fileEncoding = 4; lastKnownFileType = sourcecode.c.objc; name = DetailItem.m; path = RESTfulEngine/DetailItem.m; sourceTree = "<group>"; };
		01523991186EA8CF000C729C /* MenuItem.h */ = {isa = PBXFileReference; fileEncoding = 4; lastKnownFileType = sourcecode.c.h; name = MenuItem.h; path = RESTfulEngine/MenuItem.h; sourceTree = "<group>"; };
		01523992186EA8CF000C729C /* MenuItem.m */ = {isa = PBXFileReference; fileEncoding = 4; lastKnownFileType = sourcecode.c.objc; name = MenuItem.m; path = RESTfulEngine/MenuItem.m; sourceTree = "<group>"; };
		01523993186EA8CF000C729C /* PeopleItem.h */ = {isa = PBXFileReference; fileEncoding = 4; lastKnownFileType = sourcecode.c.h; name = PeopleItem.h; path = RESTfulEngine/PeopleItem.h; sourceTree = "<group>"; };
		01523994186EA8CF000C729C /* PeopleItem.m */ = {isa = PBXFileReference; fileEncoding = 4; lastKnownFileType = sourcecode.c.objc; name = PeopleItem.m; path = RESTfulEngine/PeopleItem.m; sourceTree = "<group>"; };
		01523995186EA8CF000C729C /* UserItem.h */ = {isa = PBXFileReference; fileEncoding = 4; lastKnownFileType = sourcecode.c.h; name = UserItem.h; path = RESTfulEngine/UserItem.h; sourceTree = "<group>"; };
		01523996186EA8CF000C729C /* UserItem.m */ = {isa = PBXFileReference; fileEncoding = 4; lastKnownFileType = sourcecode.c.objc; name = UserItem.m; path = RESTfulEngine/UserItem.m; sourceTree = "<group>"; };
		01523997186EA8CF000C729C /* JSONModel.h */ = {isa = PBXFileReference; fileEncoding = 4; lastKnownFileType = sourcecode.c.h; name = JSONModel.h; path = RESTfulEngine/JSONModel.h; sourceTree = "<group>"; };
		01523998186EA8CF000C729C /* JSONModel.m */ = {isa = PBXFileReference; fileEncoding = 4; lastKnownFileType = sourcecode.c.objc; name = JSONModel.m; path = RESTfulEngine/JSONModel.m; sourceTree = "<group>"; };
		015239B1186EAB70000C729C /* NSData+Base64.h */ = {isa = PBXFileReference; fileEncoding = 4; lastKnownFileType = sourcecode.c.h; path = "NSData+Base64.h"; sourceTree = "<group>"; };
		015239B2186EAB70000C729C /* NSData+Base64.m */ = {isa = PBXFileReference; fileEncoding = 4; lastKnownFileType = sourcecode.c.objc; path = "NSData+Base64.m"; sourceTree = "<group>"; };
		015239B3186EAB70000C729C /* NSDate+RFC1123.h */ = {isa = PBXFileReference; fileEncoding = 4; lastKnownFileType = sourcecode.c.h; path = "NSDate+RFC1123.h"; sourceTree = "<group>"; };
		015239B4186EAB70000C729C /* NSDate+RFC1123.m */ = {isa = PBXFileReference; fileEncoding = 4; lastKnownFileType = sourcecode.c.objc; path = "NSDate+RFC1123.m"; sourceTree = "<group>"; };
		015239B5186EAB70000C729C /* NSDictionary+RequestEncoding.h */ = {isa = PBXFileReference; fileEncoding = 4; lastKnownFileType = sourcecode.c.h; path = "NSDictionary+RequestEncoding.h"; sourceTree = "<group>"; };
		015239B6186EAB70000C729C /* NSDictionary+RequestEncoding.m */ = {isa = PBXFileReference; fileEncoding = 4; lastKnownFileType = sourcecode.c.objc; path = "NSDictionary+RequestEncoding.m"; sourceTree = "<group>"; };
		015239B7186EAB70000C729C /* NSString+MKNetworkKitAdditions.h */ = {isa = PBXFileReference; fileEncoding = 4; lastKnownFileType = sourcecode.c.h; path = "NSString+MKNetworkKitAdditions.h"; sourceTree = "<group>"; };
		015239B8186EAB70000C729C /* NSString+MKNetworkKitAdditions.m */ = {isa = PBXFileReference; fileEncoding = 4; lastKnownFileType = sourcecode.c.objc; path = "NSString+MKNetworkKitAdditions.m"; sourceTree = "<group>"; };
		015239B9186EAB70000C729C /* UIAlertView+MKNetworkKitAdditions.h */ = {isa = PBXFileReference; fileEncoding = 4; lastKnownFileType = sourcecode.c.h; path = "UIAlertView+MKNetworkKitAdditions.h"; sourceTree = "<group>"; };
		015239BA186EAB70000C729C /* UIAlertView+MKNetworkKitAdditions.m */ = {isa = PBXFileReference; fileEncoding = 4; lastKnownFileType = sourcecode.c.objc; path = "UIAlertView+MKNetworkKitAdditions.m"; sourceTree = "<group>"; };
		015239D2186EADE4000C729C /* MKNetworkEngine.m */ = {isa = PBXFileReference; fileEncoding = 4; lastKnownFileType = sourcecode.c.objc; name = MKNetworkEngine.m; path = MKNetworkKit/MKNetworkKit/MKNetworkEngine.m; sourceTree = "<group>"; };
		015239D3186EADE4000C729C /* MKNetworkKit.h */ = {isa = PBXFileReference; fileEncoding = 4; lastKnownFileType = sourcecode.c.h; name = MKNetworkKit.h; path = MKNetworkKit/MKNetworkKit/MKNetworkKit.h; sourceTree = "<group>"; };
		015239D4186EADE4000C729C /* MKNetworkEngine.h */ = {isa = PBXFileReference; fileEncoding = 4; lastKnownFileType = sourcecode.c.h; name = MKNetworkEngine.h; path = MKNetworkKit/MKNetworkKit/MKNetworkEngine.h; sourceTree = "<group>"; };
		015239D5186EADE4000C729C /* MKNetworkOperation.h */ = {isa = PBXFileReference; fileEncoding = 4; lastKnownFileType = sourcecode.c.h; name = MKNetworkOperation.h; path = MKNetworkKit/MKNetworkKit/MKNetworkOperation.h; sourceTree = "<group>"; };
		015239D6186EADE4000C729C /* MKNetworkOperation.m */ = {isa = PBXFileReference; fileEncoding = 4; lastKnownFileType = sourcecode.c.objc; name = MKNetworkOperation.m; path = MKNetworkKit/MKNetworkKit/MKNetworkOperation.m; sourceTree = "<group>"; };
		015239D9186EAE9C000C729C /* Reachability.m */ = {isa = PBXFileReference; fileEncoding = 4; lastKnownFileType = sourcecode.c.objc; path = Reachability.m; sourceTree = "<group>"; };
		015239DA186EAE9C000C729C /* Reachability.h */ = {isa = PBXFileReference; fileEncoding = 4; lastKnownFileType = sourcecode.c.h; path = Reachability.h; sourceTree = "<group>"; };
		015239DC186EAF80000C729C /* SystemConfiguration.framework */ = {isa = PBXFileReference; lastKnownFileType = wrapper.framework; name = SystemConfiguration.framework; path = System/Library/Frameworks/SystemConfiguration.framework; sourceTree = SDKROOT; };
		015239DE186EAFA9000C729C /* RESTfulEngine.m */ = {isa = PBXFileReference; fileEncoding = 4; lastKnownFileType = sourcecode.c.objc; name = RESTfulEngine.m; path = RESTfulEngine/RESTfulEngine.m; sourceTree = "<group>"; };
		015239DF186EAFA9000C729C /* RESTfulEngine.h */ = {isa = PBXFileReference; fileEncoding = 4; lastKnownFileType = sourcecode.c.h; name = RESTfulEngine.h; path = RESTfulEngine/RESTfulEngine.h; sourceTree = "<group>"; };
		015239E1186EAFB2000C729C /* RESTfulOperation.h */ = {isa = PBXFileReference; fileEncoding = 4; lastKnownFileType = sourcecode.c.h; name = RESTfulOperation.h; path = RESTfulEngine/RESTfulOperation.h; sourceTree = "<group>"; };
		015239E2186EAFB2000C729C /* RESTfulOperation.m */ = {isa = PBXFileReference; fileEncoding = 4; lastKnownFileType = sourcecode.c.objc; name = RESTfulOperation.m; path = RESTfulEngine/RESTfulOperation.m; sourceTree = "<group>"; };
		015239E5186EB9B2000C729C /* Images.xcassets */ = {isa = PBXFileReference; lastKnownFileType = folder.assetcatalog; path = Images.xcassets; sourceTree = "<group>"; };
		015239E7186F07A9000C729C /* IndicatorTableViewCell.h */ = {isa = PBXFileReference; fileEncoding = 4; lastKnownFileType = sourcecode.c.h; path = IndicatorTableViewCell.h; sourceTree = "<group>"; };
		015239E8186F07A9000C729C /* IndicatorTableViewCell.m */ = {isa = PBXFileReference; fileEncoding = 4; lastKnownFileType = sourcecode.c.objc; path = IndicatorTableViewCell.m; sourceTree = "<group>"; };
		015239EB1870088E000C729C /* MKAnnotationView+WebCache.h */ = {isa = PBXFileReference; fileEncoding = 4; lastKnownFileType = sourcecode.c.h; path = "MKAnnotationView+WebCache.h"; sourceTree = "<group>"; };
		015239EC1870088E000C729C /* MKAnnotationView+WebCache.m */ = {isa = PBXFileReference; fileEncoding = 4; lastKnownFileType = sourcecode.c.objc; path = "MKAnnotationView+WebCache.m"; sourceTree = "<group>"; };
		015239ED1870088E000C729C /* SDImageCache.h */ = {isa = PBXFileReference; fileEncoding = 4; lastKnownFileType = sourcecode.c.h; path = SDImageCache.h; sourceTree = "<group>"; };
		015239EE1870088E000C729C /* SDImageCache.m */ = {isa = PBXFileReference; fileEncoding = 4; lastKnownFileType = sourcecode.c.objc; path = SDImageCache.m; sourceTree = "<group>"; };
		015239EF1870088E000C729C /* SDWebImageCompat.h */ = {isa = PBXFileReference; fileEncoding = 4; lastKnownFileType = sourcecode.c.h; path = SDWebImageCompat.h; sourceTree = "<group>"; };
		015239F01870088E000C729C /* SDWebImageCompat.m */ = {isa = PBXFileReference; fileEncoding = 4; lastKnownFileType = sourcecode.c.objc; path = SDWebImageCompat.m; sourceTree = "<group>"; };
		015239F11870088E000C729C /* SDWebImageDecoder.h */ = {isa = PBXFileReference; fileEncoding = 4; lastKnownFileType = sourcecode.c.h; path = SDWebImageDecoder.h; sourceTree = "<group>"; };
		015239F21870088E000C729C /* SDWebImageDecoder.m */ = {isa = PBXFileReference; fileEncoding = 4; lastKnownFileType = sourcecode.c.objc; path = SDWebImageDecoder.m; sourceTree = "<group>"; };
		015239F31870088E000C729C /* SDWebImageDownloader.h */ = {isa = PBXFileReference; fileEncoding = 4; lastKnownFileType = sourcecode.c.h; path = SDWebImageDownloader.h; sourceTree = "<group>"; };
		015239F41870088E000C729C /* SDWebImageDownloader.m */ = {isa = PBXFileReference; fileEncoding = 4; lastKnownFileType = sourcecode.c.objc; path = SDWebImageDownloader.m; sourceTree = "<group>"; };
		015239F51870088E000C729C /* SDWebImageDownloaderOperation.h */ = {isa = PBXFileReference; fileEncoding = 4; lastKnownFileType = sourcecode.c.h; path = SDWebImageDownloaderOperation.h; sourceTree = "<group>"; };
		015239F61870088E000C729C /* SDWebImageDownloaderOperation.m */ = {isa = PBXFileReference; fileEncoding = 4; lastKnownFileType = sourcecode.c.objc; path = SDWebImageDownloaderOperation.m; sourceTree = "<group>"; };
		015239F71870088E000C729C /* SDWebImageManager.h */ = {isa = PBXFileReference; fileEncoding = 4; lastKnownFileType = sourcecode.c.h; path = SDWebImageManager.h; sourceTree = "<group>"; };
		015239F81870088E000C729C /* SDWebImageManager.m */ = {isa = PBXFileReference; fileEncoding = 4; lastKnownFileType = sourcecode.c.objc; path = SDWebImageManager.m; sourceTree = "<group>"; };
		015239F91870088E000C729C /* SDWebImageOperation.h */ = {isa = PBXFileReference; fileEncoding = 4; lastKnownFileType = sourcecode.c.h; path = SDWebImageOperation.h; sourceTree = "<group>"; };
		015239FA1870088E000C729C /* SDWebImagePrefetcher.h */ = {isa = PBXFileReference; fileEncoding = 4; lastKnownFileType = sourcecode.c.h; path = SDWebImagePrefetcher.h; sourceTree = "<group>"; };
		015239FB1870088E000C729C /* SDWebImagePrefetcher.m */ = {isa = PBXFileReference; fileEncoding = 4; lastKnownFileType = sourcecode.c.objc; path = SDWebImagePrefetcher.m; sourceTree = "<group>"; };
		015239FC1870088E000C729C /* UIButton+WebCache.h */ = {isa = PBXFileReference; fileEncoding = 4; lastKnownFileType = sourcecode.c.h; path = "UIButton+WebCache.h"; sourceTree = "<group>"; };
		015239FD1870088E000C729C /* UIButton+WebCache.m */ = {isa = PBXFileReference; fileEncoding = 4; lastKnownFileType = sourcecode.c.objc; path = "UIButton+WebCache.m"; sourceTree = "<group>"; };
		015239FE1870088E000C729C /* UIImageView+WebCache.h */ = {isa = PBXFileReference; fileEncoding = 4; lastKnownFileType = sourcecode.c.h; path = "UIImageView+WebCache.h"; sourceTree = "<group>"; };
		015239FF1870088E000C729C /* UIImageView+WebCache.m */ = {isa = PBXFileReference; fileEncoding = 4; lastKnownFileType = sourcecode.c.objc; path = "UIImageView+WebCache.m"; sourceTree = "<group>"; };
		01523A0A18713E47000C729C /* NewsContentViewController.h */ = {isa = PBXFileReference; fileEncoding = 4; lastKnownFileType = sourcecode.c.h; path = NewsContentViewController.h; sourceTree = "<group>"; };
		01523A0B18713E47000C729C /* NewsContentViewController.m */ = {isa = PBXFileReference; fileEncoding = 4; lastKnownFileType = sourcecode.c.objc; path = NewsContentViewController.m; sourceTree = "<group>"; };
		017968A61888E70C0015B254 /* PhoneSearchViewController.h */ = {isa = PBXFileReference; fileEncoding = 4; lastKnownFileType = sourcecode.c.h; path = PhoneSearchViewController.h; sourceTree = "<group>"; };
		017968A71888E70C0015B254 /* PhoneSearchViewController.m */ = {isa = PBXFileReference; fileEncoding = 4; lastKnownFileType = sourcecode.c.objc; path = PhoneSearchViewController.m; sourceTree = "<group>"; };
		017968A91889001C0015B254 /* phone_number.xml */ = {isa = PBXFileReference; fileEncoding = 4; lastKnownFileType = text.xml; path = phone_number.xml; sourceTree = "<group>"; };
		017968AC188903D00015B254 /* XMLDictionary.h */ = {isa = PBXFileReference; fileEncoding = 4; lastKnownFileType = sourcecode.c.h; name = XMLDictionary.h; path = XMLDictionary/XMLDictionary.h; sourceTree = "<group>"; };
		017968AD188903D00015B254 /* XMLDictionary.m */ = {isa = PBXFileReference; fileEncoding = 4; lastKnownFileType = sourcecode.c.objc; name = XMLDictionary.m; path = XMLDictionary/XMLDictionary.m; sourceTree = "<group>"; };
		017968B0188AC8F20015B254 /* BookSearchHelper.h */ = {isa = PBXFileReference; fileEncoding = 4; lastKnownFileType = sourcecode.c.h; path = BookSearchHelper.h; sourceTree = "<group>"; };
		017968B1188AC8F20015B254 /* BookSearchHelper.m */ = {isa = PBXFileReference; fileEncoding = 4; lastKnownFileType = sourcecode.c.objc; path = BookSearchHelper.m; sourceTree = "<group>"; };
		017968B4188ACA810015B254 /* BookSearchViewController.h */ = {isa = PBXFileReference; fileEncoding = 4; lastKnownFileType = sourcecode.c.h; path = BookSearchViewController.h; sourceTree = "<group>"; };
		017968B5188ACA810015B254 /* BookSearchViewController.m */ = {isa = PBXFileReference; fileEncoding = 4; lastKnownFileType = sourcecode.c.objc; path = BookSearchViewController.m; sourceTree = "<group>"; };
		017968B8188AD07D0015B254 /* BookSearchResultTableViewController.h */ = {isa = PBXFileReference; fileEncoding = 4; lastKnownFileType = sourcecode.c.h; path = BookSearchResultTableViewController.h; sourceTree = "<group>"; };
		017968B9188AD07D0015B254 /* BookSearchResultTableViewController.m */ = {isa = PBXFileReference; fileEncoding = 4; lastKnownFileType = sourcecode.c.objc; path = BookSearchResultTableViewController.m; sourceTree = "<group>"; };
		017968BC188AD4590015B254 /* HiHelper.h */ = {isa = PBXFileReference; fileEncoding = 4; lastKnownFileType = sourcecode.c.h; name = HiHelper.h; path = HFCampus/HiHelper.h; sourceTree = "<group>"; };
		017968BD188AD4590015B254 /* HiHelper.m */ = {isa = PBXFileReference; fileEncoding = 4; lastKnownFileType = sourcecode.c.objc; name = HiHelper.m; path = HFCampus/HiHelper.m; sourceTree = "<group>"; };
		01D956641879390D00E3948C /* PeronContentImageCell.h */ = {isa = PBXFileReference; fileEncoding = 4; lastKnownFileType = sourcecode.c.h; path = PeronContentImageCell.h; sourceTree = "<group>"; };
		01D956651879390D00E3948C /* PeronContentImageCell.m */ = {isa = PBXFileReference; fileEncoding = 4; lastKnownFileType = sourcecode.c.objc; path = PeronContentImageCell.m; sourceTree = "<group>"; };
		01D956671879392E00E3948C /* PersonIntroductionCell.h */ = {isa = PBXFileReference; fileEncoding = 4; lastKnownFileType = sourcecode.c.h; path = PersonIntroductionCell.h; sourceTree = "<group>"; };
		01D956681879392E00E3948C /* PersonIntroductionCell.m */ = {isa = PBXFileReference; fileEncoding = 4; lastKnownFileType = sourcecode.c.objc; path = PersonIntroductionCell.m; sourceTree = "<group>"; };
		01D9566B187A96F600E3948C /* DRNRealTimeBlurView.h */ = {isa = PBXFileReference; fileEncoding = 4; lastKnownFileType = sourcecode.c.h; name = DRNRealTimeBlurView.h; path = realTimeBlurEffect/DRNRealTimeBlurView.h; sourceTree = "<group>"; };
		01D9566C187A96F600E3948C /* DRNRealTimeBlurView.m */ = {isa = PBXFileReference; fileEncoding = 4; lastKnownFileType = sourcecode.c.objc; name = DRNRealTimeBlurView.m; path = realTimeBlurEffect/DRNRealTimeBlurView.m; sourceTree = "<group>"; };
		01D9566D187A96F600E3948C /* UIImage+BoxBlur.h */ = {isa = PBXFileReference; fileEncoding = 4; lastKnownFileType = sourcecode.c.h; name = "UIImage+BoxBlur.h"; path = "realTimeBlurEffect/UIImage+BoxBlur.h"; sourceTree = "<group>"; };
		01D9566E187A96F600E3948C /* UIImage+BoxBlur.m */ = {isa = PBXFileReference; fileEncoding = 4; lastKnownFileType = sourcecode.c.objc; name = "UIImage+BoxBlur.m"; path = "realTimeBlurEffect/UIImage+BoxBlur.m"; sourceTree = "<group>"; };
		01DCE53218714D52006AD3FE /* AMScrollingNavbarViewController.h */ = {isa = PBXFileReference; fileEncoding = 4; lastKnownFileType = sourcecode.c.h; path = AMScrollingNavbarViewController.h; sourceTree = "<group>"; };
		01DCE53318714D52006AD3FE /* AMScrollingNavbarViewController.m */ = {isa = PBXFileReference; fileEncoding = 4; lastKnownFileType = sourcecode.c.objc; path = AMScrollingNavbarViewController.m; sourceTree = "<group>"; };
		01DCE5351871518F006AD3FE /* person.html */ = {isa = PBXFileReference; fileEncoding = 4; lastKnownFileType = text.html; path = person.html; sourceTree = "<group>"; };
		01DCE5361871518F006AD3FE /* activity.html */ = {isa = PBXFileReference; fileEncoding = 4; lastKnownFileType = text.html; path = activity.html; sourceTree = "<group>"; };
		01DCE5371871518F006AD3FE /* news.html */ = {isa = PBXFileReference; fileEncoding = 4; lastKnownFileType = text.html; path = news.html; sourceTree = "<group>"; };
		01DCE53F18715599006AD3FE /* FileHelper.h */ = {isa = PBXFileReference; fileEncoding = 4; lastKnownFileType = sourcecode.c.h; path = FileHelper.h; sourceTree = "<group>"; };
		01DCE54018715599006AD3FE /* FileHelper.m */ = {isa = PBXFileReference; fileEncoding = 4; lastKnownFileType = sourcecode.c.objc; path = FileHelper.m; sourceTree = "<group>"; };
		01DCE54418716356006AD3FE /* SVProgressHUD.bundle */ = {isa = PBXFileReference; lastKnownFileType = "wrapper.plug-in"; path = SVProgressHUD.bundle; sourceTree = "<group>"; };
		01DCE54518716356006AD3FE /* SVProgressHUD.h */ = {isa = PBXFileReference; fileEncoding = 4; lastKnownFileType = sourcecode.c.h; path = SVProgressHUD.h; sourceTree = "<group>"; };
		01DCE54618716356006AD3FE /* SVProgressHUD.m */ = {isa = PBXFileReference; fileEncoding = 4; lastKnownFileType = sourcecode.c.objc; path = SVProgressHUD.m; sourceTree = "<group>"; };
		01DCE54C187561D3006AD3FE /* PersonListCell.h */ = {isa = PBXFileReference; fileEncoding = 4; lastKnownFileType = sourcecode.c.h; path = PersonListCell.h; sourceTree = "<group>"; };
		01DCE54D187561D3006AD3FE /* PersonListCell.m */ = {isa = PBXFileReference; fileEncoding = 4; lastKnownFileType = sourcecode.c.objc; path = PersonListCell.m; sourceTree = "<group>"; };
		01DCE54F18769806006AD3FE /* IndicatorPersonCell.h */ = {isa = PBXFileReference; fileEncoding = 4; lastKnownFileType = sourcecode.c.h; path = IndicatorPersonCell.h; sourceTree = "<group>"; };
		01DCE55018769806006AD3FE /* IndicatorPersonCell.m */ = {isa = PBXFileReference; fileEncoding = 4; lastKnownFileType = sourcecode.c.objc; path = IndicatorPersonCell.m; sourceTree = "<group>"; };
		01DCE5521876F1C4006AD3FE /* PersonContentViewController.h */ = {isa = PBXFileReference; fileEncoding = 4; lastKnownFileType = sourcecode.c.h; path = PersonContentViewController.h; sourceTree = "<group>"; };
		01DCE5531876F1C4006AD3FE /* PersonContentViewController.m */ = {isa = PBXFileReference; fileEncoding = 4; lastKnownFileType = sourcecode.c.objc; path = PersonContentViewController.m; sourceTree = "<group>"; };
/* End PBXFileReference section */

/* Begin PBXFrameworksBuildPhase section */
		01454922186C19A2007E8C25 /* Frameworks */ = {
			isa = PBXFrameworksBuildPhase;
			buildActionMask = 2147483647;
			files = (
				01002CEC188EAD670041451D /* AVFoundation.framework in Frameworks */,
				015239DD186EAF80000C729C /* SystemConfiguration.framework in Frameworks */,
				0145492B186C19A2007E8C25 /* CoreGraphics.framework in Frameworks */,
				0145492D186C19A2007E8C25 /* UIKit.framework in Frameworks */,
				01454929186C19A2007E8C25 /* Foundation.framework in Frameworks */,
			);
			runOnlyForDeploymentPostprocessing = 0;
		};
		01454943186C19A2007E8C25 /* Frameworks */ = {
			isa = PBXFrameworksBuildPhase;
			buildActionMask = 2147483647;
			files = (
				01454948186C19A2007E8C25 /* XCTest.framework in Frameworks */,
				0145494A186C19A2007E8C25 /* UIKit.framework in Frameworks */,
				01454949186C19A2007E8C25 /* Foundation.framework in Frameworks */,
			);
			runOnlyForDeploymentPostprocessing = 0;
		};
/* End PBXFrameworksBuildPhase section */

/* Begin PBXGroup section */
		01002CE5188E312C0041451D /* 书籍内容 */ = {
			isa = PBXGroup;
			children = (
				01002CE9188E349E0041451D /* bookinfo.html */,
			);
			name = "书籍内容";
			sourceTree = "<group>";
		};
		01010F5A188429E80004D0CE /* FTWCache */ = {
			isa = PBXGroup;
			children = (
				01010F5B18842A010004D0CE /* FTWCache.h */,
				01010F5C18842A010004D0CE /* FTWCache.m */,
			);
			name = FTWCache;
			sourceTree = "<group>";
		};
		01010F5E18850C1C0004D0CE /* 新闻列表 */ = {
			isa = PBXGroup;
			children = (
				01454992186C7DB1007E8C25 /* newsContentTableViewController.h */,
				01454993186C7DB1007E8C25 /* newsContentTableViewController.m */,
			);
			name = "新闻列表";
			sourceTree = "<group>";
		};
		01010F5F1885889E0004D0CE /* 算法列表 */ = {
			isa = PBXGroup;
			children = (
				01010F671885890D0004D0CE /* STRootViewController.h */,
				01010F681885890D0004D0CE /* STRootViewController.m */,
			);
			name = "算法列表";
			sourceTree = "<group>";
		};
		01010F60188588A90004D0CE /* 递归 */ = {
			isa = PBXGroup;
			children = (
				01010F6A188589270004D0CE /* 汉诺塔 */,
			);
			name = "递归";
			sourceTree = "<group>";
		};
		01010F61188588B00004D0CE /* 排序 */ = {
			isa = PBXGroup;
			children = (
				01010F74188589470004D0CE /* STSortOperation.h */,
				01010F75188589470004D0CE /* STSortOperation.m */,
				01010F76188589470004D0CE /* STSortView.h */,
				01010F77188589470004D0CE /* STSortView.m */,
				01010F78188589470004D0CE /* STSortViewController.h */,
				01010F79188589470004D0CE /* STSortViewController.m */,
			);
			name = "排序";
			sourceTree = "<group>";
		};
		01010F62188588B70004D0CE /* 树 */ = {
			isa = PBXGroup;
			children = (
			);
			name = "树";
			sourceTree = "<group>";
		};
		01010F63188588BD0004D0CE /* 图 */ = {
			isa = PBXGroup;
			children = (
			);
			name = "图";
			sourceTree = "<group>";
		};
		01010F64188588C30004D0CE /* 查找 */ = {
			isa = PBXGroup;
			children = (
			);
			name = "查找";
			sourceTree = "<group>";
		};
		01010F65188588CB0004D0CE /* 动态规划 */ = {
			isa = PBXGroup;
			children = (
			);
			name = "动态规划";
			sourceTree = "<group>";
		};
		01010F66188588F40004D0CE /* 代码 */ = {
			isa = PBXGroup;
			children = (
				01010F7D188589510004D0CE /* STCodeViewController.h */,
				01010F7E188589510004D0CE /* STCodeViewController.m */,
			);
			name = "代码";
			sourceTree = "<group>";
		};
		01010F6A188589270004D0CE /* 汉诺塔 */ = {
			isa = PBXGroup;
			children = (
				01010F6B1885893A0004D0CE /* STHanoiOperation.h */,
				01010F6C1885893A0004D0CE /* STHanoiOperation.m */,
				01010F6D1885893A0004D0CE /* STHanoiView.h */,
				01010F6E1885893A0004D0CE /* STHanoiView.m */,
				01010F6F1885893A0004D0CE /* STHanoiViewController.h */,
				01010F701885893A0004D0CE /* STHanoiViewController.m */,
			);
			name = "汉诺塔";
			sourceTree = "<group>";
		};
		0145491C186C19A2007E8C25 = {
			isa = PBXGroup;
			children = (
				0145495F186C19E7007E8C25 /* 通用工具 */,
				0145495E186C19D2007E8C25 /* 框架布局工具 */,
				0145495D186C19C7007E8C25 /* 网络工具 */,
				0145492E186C19A2007E8C25 /* HFCampus */,
				0145494D186C19A2007E8C25 /* HFCampusTests */,
				01454927186C19A2007E8C25 /* Frameworks */,
				01454926186C19A2007E8C25 /* Products */,
			);
			sourceTree = "<group>";
		};
		01454926186C19A2007E8C25 /* Products */ = {
			isa = PBXGroup;
			children = (
				01454925186C19A2007E8C25 /* HFCampus.app */,
				01454946186C19A2007E8C25 /* HFCampusTests.xctest */,
			);
			name = Products;
			sourceTree = "<group>";
		};
		01454927186C19A2007E8C25 /* Frameworks */ = {
			isa = PBXGroup;
			children = (
				01002CEB188EAD670041451D /* AVFoundation.framework */,
				015239DC186EAF80000C729C /* SystemConfiguration.framework */,
				01454928186C19A2007E8C25 /* Foundation.framework */,
				0145492A186C19A2007E8C25 /* CoreGraphics.framework */,
				0145492C186C19A2007E8C25 /* UIKit.framework */,
				01454947186C19A2007E8C25 /* XCTest.framework */,
			);
			name = Frameworks;
			sourceTree = "<group>";
		};
		0145492E186C19A2007E8C25 /* HFCampus */ = {
			isa = PBXGroup;
			children = (
				01454980186C5CDF007E8C25 /* 关于类 */,
				0145497F186C5CB8007E8C25 /* 图说类 */,
				0145497E186C5C6D007E8C25 /* 算法类 */,
				0145497D186C5C62007E8C25 /* 话题类 */,
				0145497C186C5C40007E8C25 /* 工具类 */,
				0145497B186C5C0A007E8C25 /* 人物类 */,
				0145497A186C2518007E8C25 /* 新闻类 */,
				01454937186C19A2007E8C25 /* AppDelegate.h */,
				01454938186C19A2007E8C25 /* AppDelegate.m */,
				0145493A186C19A2007E8C25 /* Main.storyboard */,
				015239E5186EB9B2000C729C /* Images.xcassets */,
				0145492F186C19A2007E8C25 /* Supporting Files */,
			);
			path = HFCampus;
			sourceTree = "<group>";
		};
		0145492F186C19A2007E8C25 /* Supporting Files */ = {
			isa = PBXGroup;
			children = (
				01454930186C19A2007E8C25 /* HFCampus-Info.plist */,
				01454931186C19A2007E8C25 /* InfoPlist.strings */,
				01454934186C19A2007E8C25 /* main.m */,
				01454936186C19A2007E8C25 /* HFCampus-Prefix.pch */,
			);
			name = "Supporting Files";
			sourceTree = "<group>";
		};
		0145494D186C19A2007E8C25 /* HFCampusTests */ = {
			isa = PBXGroup;
			children = (
				01454953186C19A2007E8C25 /* HFCampusTests.m */,
				0145494E186C19A2007E8C25 /* Supporting Files */,
			);
			path = HFCampusTests;
			sourceTree = "<group>";
		};
		0145494E186C19A2007E8C25 /* Supporting Files */ = {
			isa = PBXGroup;
			children = (
				0145494F186C19A2007E8C25 /* HFCampusTests-Info.plist */,
				01454950186C19A2007E8C25 /* InfoPlist.strings */,
			);
			name = "Supporting Files";
			sourceTree = "<group>";
		};
		0145495D186C19C7007E8C25 /* 网络工具 */ = {
			isa = PBXGroup;
			children = (
				015239CB186EABF1000C729C /* RESTfulEngine */,
				0152398E186EA8B8000C729C /* Model */,
				0152398D186EA89C000C729C /* MKNetworkKit */,
			);
			name = "网络工具";
			sourceTree = "<group>";
		};
		0145495E186C19D2007E8C25 /* 框架布局工具 */ = {
			isa = PBXGroup;
			children = (
				01D9566A187A969400E3948C /* realTimeBlurEffect */,
				01DCE53118714D25006AD3FE /* AMScrollingNavbar */,
				0145499F186D6ECD007E8C25 /* 滚动图片框 */,
				0145498D186C754E007E8C25 /* 滚动新闻栏 */,
				01454960186C2264007E8C25 /* 侧边栏菜单 */,
			);
			name = "框架布局工具";
			sourceTree = "<group>";
		};
		0145495F186C19E7007E8C25 /* 通用工具 */ = {
			isa = PBXGroup;
			children = (
				017968BB188AD4450015B254 /* HiHelper */,
				017968AB188903C60015B254 /* XMLDictionary */,
				01010F5A188429E80004D0CE /* FTWCache */,
				01DCE54318716356006AD3FE /* SVProgressHUD */,
				01DCE53B187153B2006AD3FE /* FileHelper */,
				01454961186C228F007E8C25 /* AccelerationAnimation.h */,
				01454967186C22A1007E8C25 /* UIWindow+RESideMenuExtensions.h */,
				01454968186C22A1007E8C25 /* UIWindow+RESideMenuExtensions.m */,
				01454962186C228F007E8C25 /* AccelerationAnimation.m */,
				01454963186C228F007E8C25 /* Evaluate.h */,
				01454964186C228F007E8C25 /* Evaluate.m */,
				01454979186C24DB007E8C25 /* constVar.h */,
				015239EA1870088E000C729C /* SDWebImage */,
			);
			name = "通用工具";
			sourceTree = "<group>";
		};
		01454960186C2264007E8C25 /* 侧边栏菜单 */ = {
			isa = PBXGroup;
			children = (
				0145496A186C22B9007E8C25 /* REBackgroundView.h */,
				0145496B186C22B9007E8C25 /* REBackgroundView.m */,
				0145496C186C22B9007E8C25 /* RESideMenu.h */,
				0145496D186C22B9007E8C25 /* RESideMenu.m */,
				0145496E186C22B9007E8C25 /* RESideMenuCell.h */,
				0145496F186C22B9007E8C25 /* RESideMenuCell.m */,
				01454970186C22B9007E8C25 /* RESideMenuItem.h */,
				01454971186C22B9007E8C25 /* RESideMenuItem.m */,
			);
			name = "侧边栏菜单";
			sourceTree = "<group>";
		};
		0145497A186C2518007E8C25 /* 新闻类 */ = {
			isa = PBXGroup;
			children = (
				01454991186C7CB8007E8C25 /* 新闻内容 */,
				01454976186C23CE007E8C25 /* NewsViewController.h */,
				01454977186C23CE007E8C25 /* NewsViewController.m */,
			);
			name = "新闻类";
			sourceTree = "<group>";
		};
		0145497B186C5C0A007E8C25 /* 人物类 */ = {
			isa = PBXGroup;
			children = (
				01DCE54B187554DC006AD3FE /* 人物Cell */,
				01DCE54A187554CE006AD3FE /* 人物内容 */,
				01DCE549187554B3006AD3FE /* 人物列表 */,
			);
			name = "人物类";
			sourceTree = "<group>";
		};
		0145497C186C5C40007E8C25 /* 工具类 */ = {
			isa = PBXGroup;
			children = (
				017968A21888DF890015B254 /* 查询书籍 */,
				017968A11888DF7D0015B254 /* 查询快递 */,
				017968A01888DF6D0015B254 /* 查询电话 */,
			);
			name = "工具类";
			sourceTree = "<group>";
		};
		0145497D186C5C62007E8C25 /* 话题类 */ = {
			isa = PBXGroup;
			children = (
				01454987186C7100007E8C25 /* TopicsTableViewController.h */,
				01454988186C7100007E8C25 /* TopicsTableViewController.m */,
			);
			name = "话题类";
			sourceTree = "<group>";
		};
		0145497E186C5C6D007E8C25 /* 算法类 */ = {
			isa = PBXGroup;
			children = (
				01010F66188588F40004D0CE /* 代码 */,
				01010F65188588CB0004D0CE /* 动态规划 */,
				01010F64188588C30004D0CE /* 查找 */,
				01010F63188588BD0004D0CE /* 图 */,
				01010F62188588B70004D0CE /* 树 */,
				01010F61188588B00004D0CE /* 排序 */,
				01010F60188588A90004D0CE /* 递归 */,
				01010F5F1885889E0004D0CE /* 算法列表 */,
			);
			name = "算法类";
			sourceTree = "<group>";
		};
		0145497F186C5CB8007E8C25 /* 图说类 */ = {
			isa = PBXGroup;
			children = (
			);
			name = "图说类";
			sourceTree = "<group>";
		};
		01454980186C5CDF007E8C25 /* 关于类 */ = {
			isa = PBXGroup;
			children = (
			);
			name = "关于类";
			sourceTree = "<group>";
		};
		0145498D186C754E007E8C25 /* 滚动新闻栏 */ = {
			isa = PBXGroup;
			children = (
				0145498E186C7A90007E8C25 /* ViewPagerController.m */,
				0145498F186C7A90007E8C25 /* ViewPagerController.h */,
			);
			name = "滚动新闻栏";
			sourceTree = "<group>";
		};
		01454991186C7CB8007E8C25 /* 新闻内容 */ = {
			isa = PBXGroup;
			children = (
				01010F5E18850C1C0004D0CE /* 新闻列表 */,
				015239E4186EAFF9000C729C /* contents(内容View) */,
				01454998186D64E1007E8C25 /* cells(标题cell) */,
			);
			name = "新闻内容";
			sourceTree = "<group>";
		};
		01454998186D64E1007E8C25 /* cells(标题cell) */ = {
			isa = PBXGroup;
			children = (
				01454999186D6500007E8C25 /* TopLineCell.h */,
				0145499A186D6500007E8C25 /* TopLineCell.m */,
				0145499C186D6529007E8C25 /* NewsLineCell.h */,
				0145499D186D6529007E8C25 /* NewsLineCell.m */,
				015239E7186F07A9000C729C /* IndicatorTableViewCell.h */,
				015239E8186F07A9000C729C /* IndicatorTableViewCell.m */,
			);
			name = "cells(标题cell)";
			sourceTree = "<group>";
		};
		0145499F186D6ECD007E8C25 /* 滚动图片框 */ = {
			isa = PBXGroup;
			children = (
				014549A0186D6EF0007E8C25 /* EScrollerView.m */,
				014549A1186D6EF0007E8C25 /* EScrollerView.h */,
			);
			name = "滚动图片框";
			sourceTree = "<group>";
		};
		0152398D186EA89C000C729C /* MKNetworkKit */ = {
			isa = PBXGroup;
			children = (
				015239D2186EADE4000C729C /* MKNetworkEngine.m */,
				015239D3186EADE4000C729C /* MKNetworkKit.h */,
				015239D4186EADE4000C729C /* MKNetworkEngine.h */,
				015239D5186EADE4000C729C /* MKNetworkOperation.h */,
				015239D6186EADE4000C729C /* MKNetworkOperation.m */,
				015239C0186EAB9D000C729C /* Reachability */,
				015239B0186EAB70000C729C /* Categories */,
			);
			name = MKNetworkKit;
			sourceTree = "<group>";
		};
		0152398E186EA8B8000C729C /* Model */ = {
			isa = PBXGroup;
			children = (
				0152398F186EA8CF000C729C /* DetailItem.h */,
				01523990186EA8CF000C729C /* DetailItem.m */,
				01523991186EA8CF000C729C /* MenuItem.h */,
				01523992186EA8CF000C729C /* MenuItem.m */,
				01523993186EA8CF000C729C /* PeopleItem.h */,
				01523994186EA8CF000C729C /* PeopleItem.m */,
				01523995186EA8CF000C729C /* UserItem.h */,
				01523996186EA8CF000C729C /* UserItem.m */,
				01523997186EA8CF000C729C /* JSONModel.h */,
				01523998186EA8CF000C729C /* JSONModel.m */,
			);
			name = Model;
			sourceTree = "<group>";
		};
		015239B0186EAB70000C729C /* Categories */ = {
			isa = PBXGroup;
			children = (
				015239B1186EAB70000C729C /* NSData+Base64.h */,
				015239B2186EAB70000C729C /* NSData+Base64.m */,
				015239B3186EAB70000C729C /* NSDate+RFC1123.h */,
				015239B4186EAB70000C729C /* NSDate+RFC1123.m */,
				015239B5186EAB70000C729C /* NSDictionary+RequestEncoding.h */,
				015239B6186EAB70000C729C /* NSDictionary+RequestEncoding.m */,
				015239B7186EAB70000C729C /* NSString+MKNetworkKitAdditions.h */,
				015239B8186EAB70000C729C /* NSString+MKNetworkKitAdditions.m */,
				015239B9186EAB70000C729C /* UIAlertView+MKNetworkKitAdditions.h */,
				015239BA186EAB70000C729C /* UIAlertView+MKNetworkKitAdditions.m */,
			);
			name = Categories;
			path = MKNetworkKit/MKNetworkKit/Categories;
			sourceTree = "<group>";
		};
		015239C0186EAB9D000C729C /* Reachability */ = {
			isa = PBXGroup;
			children = (
				015239D9186EAE9C000C729C /* Reachability.m */,
				015239DA186EAE9C000C729C /* Reachability.h */,
			);
			name = Reachability;
			path = MKNetworkKit/MKNetworkKit/Reachability;
			sourceTree = "<group>";
		};
		015239CB186EABF1000C729C /* RESTfulEngine */ = {
			isa = PBXGroup;
			children = (
				015239E1186EAFB2000C729C /* RESTfulOperation.h */,
				015239E2186EAFB2000C729C /* RESTfulOperation.m */,
				015239DE186EAFA9000C729C /* RESTfulEngine.m */,
				015239DF186EAFA9000C729C /* RESTfulEngine.h */,
			);
			name = RESTfulEngine;
			sourceTree = "<group>";
		};
		015239E4186EAFF9000C729C /* contents(内容View) */ = {
			isa = PBXGroup;
			children = (
				01DCE5351871518F006AD3FE /* person.html */,
				01DCE5361871518F006AD3FE /* activity.html */,
				01DCE5371871518F006AD3FE /* news.html */,
				01523A0A18713E47000C729C /* NewsContentViewController.h */,
				01523A0B18713E47000C729C /* NewsContentViewController.m */,
			);
			name = "contents(内容View)";
			sourceTree = "<group>";
		};
		015239EA1870088E000C729C /* SDWebImage */ = {
			isa = PBXGroup;
			children = (
				015239EB1870088E000C729C /* MKAnnotationView+WebCache.h */,
				015239EC1870088E000C729C /* MKAnnotationView+WebCache.m */,
				015239ED1870088E000C729C /* SDImageCache.h */,
				015239EE1870088E000C729C /* SDImageCache.m */,
				015239EF1870088E000C729C /* SDWebImageCompat.h */,
				015239F01870088E000C729C /* SDWebImageCompat.m */,
				015239F11870088E000C729C /* SDWebImageDecoder.h */,
				015239F21870088E000C729C /* SDWebImageDecoder.m */,
				015239F31870088E000C729C /* SDWebImageDownloader.h */,
				015239F41870088E000C729C /* SDWebImageDownloader.m */,
				015239F51870088E000C729C /* SDWebImageDownloaderOperation.h */,
				015239F61870088E000C729C /* SDWebImageDownloaderOperation.m */,
				015239F71870088E000C729C /* SDWebImageManager.h */,
				015239F81870088E000C729C /* SDWebImageManager.m */,
				015239F91870088E000C729C /* SDWebImageOperation.h */,
				015239FA1870088E000C729C /* SDWebImagePrefetcher.h */,
				015239FB1870088E000C729C /* SDWebImagePrefetcher.m */,
				015239FC1870088E000C729C /* UIButton+WebCache.h */,
				015239FD1870088E000C729C /* UIButton+WebCache.m */,
				015239FE1870088E000C729C /* UIImageView+WebCache.h */,
				015239FF1870088E000C729C /* UIImageView+WebCache.m */,
			);
			path = SDWebImage;
			sourceTree = "<group>";
		};
		017968A01888DF6D0015B254 /* 查询电话 */ = {
			isa = PBXGroup;
			children = (
				017968A91889001C0015B254 /* phone_number.xml */,
				017968A61888E70C0015B254 /* PhoneSearchViewController.h */,
				017968A71888E70C0015B254 /* PhoneSearchViewController.m */,
			);
			name = "查询电话";
			sourceTree = "<group>";
		};
		017968A11888DF7D0015B254 /* 查询快递 */ = {
			isa = PBXGroup;
			children = (
			);
			name = "查询快递";
			sourceTree = "<group>";
		};
		017968A21888DF890015B254 /* 查询书籍 */ = {
			isa = PBXGroup;
			children = (
				017968B7188AD0500015B254 /* 书籍查询结果 */,
				017968B3188ACA550015B254 /* 查询书籍接入 */,
				017968AF188AC8D90015B254 /* 辅助类 */,
			);
			name = "查询书籍";
			sourceTree = "<group>";
		};
		017968AB188903C60015B254 /* XMLDictionary */ = {
			isa = PBXGroup;
			children = (
				017968AC188903D00015B254 /* XMLDictionary.h */,
				017968AD188903D00015B254 /* XMLDictionary.m */,
			);
			name = XMLDictionary;
			sourceTree = "<group>";
		};
		017968AF188AC8D90015B254 /* 辅助类 */ = {
			isa = PBXGroup;
			children = (
				017968B0188AC8F20015B254 /* BookSearchHelper.h */,
				017968B1188AC8F20015B254 /* BookSearchHelper.m */,
			);
			name = "辅助类";
			sourceTree = "<group>";
		};
		017968B3188ACA550015B254 /* 查询书籍接入 */ = {
			isa = PBXGroup;
			children = (
				017968B4188ACA810015B254 /* BookSearchViewController.h */,
				017968B5188ACA810015B254 /* BookSearchViewController.m */,
			);
			name = "查询书籍接入";
			sourceTree = "<group>";
		};
		017968B7188AD0500015B254 /* 书籍查询结果 */ = {
			isa = PBXGroup;
			children = (
				01002CE5188E312C0041451D /* 书籍内容 */,
				017968B8188AD07D0015B254 /* BookSearchResultTableViewController.h */,
				017968B9188AD07D0015B254 /* BookSearchResultTableViewController.m */,
			);
			name = "书籍查询结果";
			sourceTree = "<group>";
		};
		017968BB188AD4450015B254 /* HiHelper */ = {
			isa = PBXGroup;
			children = (
				017968BC188AD4590015B254 /* HiHelper.h */,
				017968BD188AD4590015B254 /* HiHelper.m */,
			);
			name = HiHelper;
			sourceTree = "<group>";
		};
		01D95663187938BE00E3948C /* cell */ = {
			isa = PBXGroup;
			children = (
				01D956641879390D00E3948C /* PeronContentImageCell.h */,
				01D956651879390D00E3948C /* PeronContentImageCell.m */,
				01D956671879392E00E3948C /* PersonIntroductionCell.h */,
				01D956681879392E00E3948C /* PersonIntroductionCell.m */,
			);
			name = cell;
			sourceTree = "<group>";
		};
		01D9566A187A969400E3948C /* realTimeBlurEffect */ = {
			isa = PBXGroup;
			children = (
				01D9566B187A96F600E3948C /* DRNRealTimeBlurView.h */,
				01D9566C187A96F600E3948C /* DRNRealTimeBlurView.m */,
				01D9566D187A96F600E3948C /* UIImage+BoxBlur.h */,
				01D9566E187A96F600E3948C /* UIImage+BoxBlur.m */,
			);
			name = realTimeBlurEffect;
			sourceTree = "<group>";
		};
		01DCE53118714D25006AD3FE /* AMScrollingNavbar */ = {
			isa = PBXGroup;
			children = (
				01DCE53218714D52006AD3FE /* AMScrollingNavbarViewController.h */,
				01DCE53318714D52006AD3FE /* AMScrollingNavbarViewController.m */,
			);
			name = AMScrollingNavbar;
			sourceTree = "<group>";
		};
		01DCE53B187153B2006AD3FE /* FileHelper */ = {
			isa = PBXGroup;
			children = (
				01DCE53F18715599006AD3FE /* FileHelper.h */,
				01DCE54018715599006AD3FE /* FileHelper.m */,
			);
			name = FileHelper;
			sourceTree = "<group>";
		};
		01DCE54318716356006AD3FE /* SVProgressHUD */ = {
			isa = PBXGroup;
			children = (
				01DCE54418716356006AD3FE /* SVProgressHUD.bundle */,
				01DCE54518716356006AD3FE /* SVProgressHUD.h */,
				01DCE54618716356006AD3FE /* SVProgressHUD.m */,
			);
			path = SVProgressHUD;
			sourceTree = "<group>";
		};
		01DCE549187554B3006AD3FE /* 人物列表 */ = {
			isa = PBXGroup;
			children = (
				01454982186C6A8B007E8C25 /* PersonsTableViewController.m */,
				01454981186C6A8B007E8C25 /* PersonsTableViewController.h */,
			);
			name = "人物列表";
			sourceTree = "<group>";
		};
		01DCE54A187554CE006AD3FE /* 人物内容 */ = {
			isa = PBXGroup;
			children = (
				01D95663187938BE00E3948C /* cell */,
				01DCE5521876F1C4006AD3FE /* PersonContentViewController.h */,
				01DCE5531876F1C4006AD3FE /* PersonContentViewController.m */,
			);
			name = "人物内容";
			sourceTree = "<group>";
		};
		01DCE54B187554DC006AD3FE /* 人物Cell */ = {
			isa = PBXGroup;
			children = (
				01DCE54C187561D3006AD3FE /* PersonListCell.h */,
				01DCE54D187561D3006AD3FE /* PersonListCell.m */,
				01DCE54F18769806006AD3FE /* IndicatorPersonCell.h */,
				01DCE55018769806006AD3FE /* IndicatorPersonCell.m */,
			);
			name = "人物Cell";
			sourceTree = "<group>";
		};
/* End PBXGroup section */

/* Begin PBXNativeTarget section */
		01454924186C19A2007E8C25 /* HFCampus */ = {
			isa = PBXNativeTarget;
			buildConfigurationList = 01454957186C19A2007E8C25 /* Build configuration list for PBXNativeTarget "HFCampus" */;
			buildPhases = (
				01454921186C19A2007E8C25 /* Sources */,
				01454922186C19A2007E8C25 /* Frameworks */,
				01454923186C19A2007E8C25 /* Resources */,
			);
			buildRules = (
			);
			dependencies = (
			);
			name = HFCampus;
			productName = HFCampus;
			productReference = 01454925186C19A2007E8C25 /* HFCampus.app */;
			productType = "com.apple.product-type.application";
		};
		01454945186C19A2007E8C25 /* HFCampusTests */ = {
			isa = PBXNativeTarget;
			buildConfigurationList = 0145495A186C19A2007E8C25 /* Build configuration list for PBXNativeTarget "HFCampusTests" */;
			buildPhases = (
				01454942186C19A2007E8C25 /* Sources */,
				01454943186C19A2007E8C25 /* Frameworks */,
				01454944186C19A2007E8C25 /* Resources */,
			);
			buildRules = (
			);
			dependencies = (
				0145494C186C19A2007E8C25 /* PBXTargetDependency */,
			);
			name = HFCampusTests;
			productName = HFCampusTests;
			productReference = 01454946186C19A2007E8C25 /* HFCampusTests.xctest */;
			productType = "com.apple.product-type.bundle.unit-test";
		};
/* End PBXNativeTarget section */

/* Begin PBXProject section */
		0145491D186C19A2007E8C25 /* Project object */ = {
			isa = PBXProject;
			attributes = {
				LastUpgradeCheck = 0500;
				ORGANIZATIONNAME = zgy;
				TargetAttributes = {
					01454945186C19A2007E8C25 = {
						TestTargetID = 01454924186C19A2007E8C25;
					};
				};
			};
			buildConfigurationList = 01454920186C19A2007E8C25 /* Build configuration list for PBXProject "HFCampus" */;
			compatibilityVersion = "Xcode 3.2";
			developmentRegion = English;
			hasScannedForEncodings = 0;
			knownRegions = (
				en,
				Base,
			);
			mainGroup = 0145491C186C19A2007E8C25;
			productRefGroup = 01454926186C19A2007E8C25 /* Products */;
			projectDirPath = "";
			projectRoot = "";
			targets = (
				01454924186C19A2007E8C25 /* HFCampus */,
				01454945186C19A2007E8C25 /* HFCampusTests */,
			);
		};
/* End PBXProject section */

/* Begin PBXResourcesBuildPhase section */
		01454923186C19A2007E8C25 /* Resources */ = {
			isa = PBXResourcesBuildPhase;
			buildActionMask = 2147483647;
			files = (
				01DCE54718716356006AD3FE /* SVProgressHUD.bundle in Resources */,
				017968AA1889001C0015B254 /* phone_number.xml in Resources */,
				01002CEA188E349E0041451D /* bookinfo.html in Resources */,
				015239E6186EB9B2000C729C /* Images.xcassets in Resources */,
				01DCE5391871518F006AD3FE /* activity.html in Resources */,
				01DCE5381871518F006AD3FE /* person.html in Resources */,
				01DCE53A1871518F006AD3FE /* news.html in Resources */,
				01454933186C19A2007E8C25 /* InfoPlist.strings in Resources */,
				0145493C186C19A2007E8C25 /* Main.storyboard in Resources */,
			);
			runOnlyForDeploymentPostprocessing = 0;
		};
		01454944186C19A2007E8C25 /* Resources */ = {
			isa = PBXResourcesBuildPhase;
			buildActionMask = 2147483647;
			files = (
				01454952186C19A2007E8C25 /* InfoPlist.strings in Resources */,
			);
			runOnlyForDeploymentPostprocessing = 0;
		};
/* End PBXResourcesBuildPhase section */

/* Begin PBXSourcesBuildPhase section */
		01454921186C19A2007E8C25 /* Sources */ = {
			isa = PBXSourcesBuildPhase;
			buildActionMask = 2147483647;
			files = (
				017968B6188ACA810015B254 /* BookSearchViewController.m in Sources */,
				017968AE188903D00015B254 /* XMLDictionary.m in Sources */,
				01454994186C7DB1007E8C25 /* newsContentTableViewController.m in Sources */,
				01454973186C22B9007E8C25 /* RESideMenu.m in Sources */,
				01454974186C22B9007E8C25 /* RESideMenuCell.m in Sources */,
				01DCE54818716356006AD3FE /* SVProgressHUD.m in Sources */,
				017968BE188AD4590015B254 /* HiHelper.m in Sources */,
				01DCE54118715599006AD3FE /* FileHelper.m in Sources */,
				017968A81888E70C0015B254 /* PhoneSearchViewController.m in Sources */,
				015239E3186EAFB2000C729C /* RESTfulOperation.m in Sources */,
				01D956661879390D00E3948C /* PeronContentImageCell.m in Sources */,
				01DCE53418714D52006AD3FE /* AMScrollingNavbarViewController.m in Sources */,
				0152399A186EA8CF000C729C /* MenuItem.m in Sources */,
				015239DB186EAE9C000C729C /* Reachability.m in Sources */,
				015239D7186EADE4000C729C /* MKNetworkEngine.m in Sources */,
				01523A081870088E000C729C /* UIButton+WebCache.m in Sources */,
				01454972186C22B9007E8C25 /* REBackgroundView.m in Sources */,
				01D9566F187A96F600E3948C /* DRNRealTimeBlurView.m in Sources */,
				01454965186C228F007E8C25 /* AccelerationAnimation.m in Sources */,
				01454975186C22B9007E8C25 /* RESideMenuItem.m in Sources */,
				01523A071870088E000C729C /* SDWebImagePrefetcher.m in Sources */,
				0152399D186EA8CF000C729C /* JSONModel.m in Sources */,
				015239D8186EADE4000C729C /* MKNetworkOperation.m in Sources */,
				01454990186C7A90007E8C25 /* ViewPagerController.m in Sources */,
				01523A021870088E000C729C /* SDWebImageCompat.m in Sources */,
				01523A041870088E000C729C /* SDWebImageDownloader.m in Sources */,
				01523A051870088E000C729C /* SDWebImageDownloaderOperation.m in Sources */,
				01523A031870088E000C729C /* SDWebImageDecoder.m in Sources */,
				01523A061870088E000C729C /* SDWebImageManager.m in Sources */,
				01DCE55118769806006AD3FE /* IndicatorPersonCell.m in Sources */,
				01454969186C22A1007E8C25 /* UIWindow+RESideMenuExtensions.m in Sources */,
				01010F731885893A0004D0CE /* STHanoiViewController.m in Sources */,
				01010F7B188589470004D0CE /* STSortView.m in Sources */,
				015239BD186EAB70000C729C /* NSDictionary+RequestEncoding.m in Sources */,
				01454983186C6A8B007E8C25 /* PersonsTableViewController.m in Sources */,
				01D956691879392E00E3948C /* PersonIntroductionCell.m in Sources */,
				01010F5D18842A010004D0CE /* FTWCache.m in Sources */,
				01DCE5541876F1C4006AD3FE /* PersonContentViewController.m in Sources */,
				015239BE186EAB70000C729C /* NSString+MKNetworkKitAdditions.m in Sources */,
				01010F711885893A0004D0CE /* STHanoiOperation.m in Sources */,
				01523A091870088E000C729C /* UIImageView+WebCache.m in Sources */,
				01454939186C19A2007E8C25 /* AppDelegate.m in Sources */,
				0145499B186D6500007E8C25 /* TopLineCell.m in Sources */,
				015239E0186EAFA9000C729C /* RESTfulEngine.m in Sources */,
				017968BA188AD07D0015B254 /* BookSearchResultTableViewController.m in Sources */,
				01454978186C23CE007E8C25 /* NewsViewController.m in Sources */,
				01010F7A188589470004D0CE /* STSortOperation.m in Sources */,
				01454935186C19A2007E8C25 /* main.m in Sources */,
				0152399C186EA8CF000C729C /* UserItem.m in Sources */,
				01454989186C7100007E8C25 /* TopicsTableViewController.m in Sources */,
				0152399B186EA8CF000C729C /* PeopleItem.m in Sources */,
				015239BB186EAB70000C729C /* NSData+Base64.m in Sources */,
				01010F7F188589510004D0CE /* STCodeViewController.m in Sources */,
				01010F691885890D0004D0CE /* STRootViewController.m in Sources */,
				01D95670187A96F600E3948C /* UIImage+BoxBlur.m in Sources */,
				0145499E186D6529007E8C25 /* NewsLineCell.m in Sources */,
				015239E9186F07A9000C729C /* IndicatorTableViewCell.m in Sources */,
				01523999186EA8CF000C729C /* DetailItem.m in Sources */,
				01523A0C18713E47000C729C /* NewsContentViewController.m in Sources */,
				015239BF186EAB70000C729C /* UIAlertView+MKNetworkKitAdditions.m in Sources */,
				01454966186C228F007E8C25 /* Evaluate.m in Sources */,
				017968B2188AC8F20015B254 /* BookSearchHelper.m in Sources */,
				01523A001870088E000C729C /* MKAnnotationView+WebCache.m in Sources */,
				014549A2186D6EF0007E8C25 /* EScrollerView.m in Sources */,
				015239BC186EAB70000C729C /* NSDate+RFC1123.m in Sources */,
				01010F721885893A0004D0CE /* STHanoiView.m in Sources */,
				01DCE54E187561D3006AD3FE /* PersonListCell.m in Sources */,
				01523A011870088E000C729C /* SDImageCache.m in Sources */,
				01010F7C188589470004D0CE /* STSortViewController.m in Sources */,
			);
			runOnlyForDeploymentPostprocessing = 0;
		};
		01454942186C19A2007E8C25 /* Sources */ = {
			isa = PBXSourcesBuildPhase;
			buildActionMask = 2147483647;
			files = (
				01454954186C19A2007E8C25 /* HFCampusTests.m in Sources */,
			);
			runOnlyForDeploymentPostprocessing = 0;
		};
/* End PBXSourcesBuildPhase section */

/* Begin PBXTargetDependency section */
		0145494C186C19A2007E8C25 /* PBXTargetDependency */ = {
			isa = PBXTargetDependency;
			target = 01454924186C19A2007E8C25 /* HFCampus */;
			targetProxy = 0145494B186C19A2007E8C25 /* PBXContainerItemProxy */;
		};
/* End PBXTargetDependency section */

/* Begin PBXVariantGroup section */
		01454931186C19A2007E8C25 /* InfoPlist.strings */ = {
			isa = PBXVariantGroup;
			children = (
				01454932186C19A2007E8C25 /* en */,
			);
			name = InfoPlist.strings;
			sourceTree = "<group>";
		};
		0145493A186C19A2007E8C25 /* Main.storyboard */ = {
			isa = PBXVariantGroup;
			children = (
				0145493B186C19A2007E8C25 /* Base */,
			);
			name = Main.storyboard;
			sourceTree = "<group>";
		};
		01454950186C19A2007E8C25 /* InfoPlist.strings */ = {
			isa = PBXVariantGroup;
			children = (
				01454951186C19A2007E8C25 /* en */,
			);
			name = InfoPlist.strings;
			sourceTree = "<group>";
		};
/* End PBXVariantGroup section */

/* Begin XCBuildConfiguration section */
		01454955186C19A2007E8C25 /* Debug */ = {
			isa = XCBuildConfiguration;
			buildSettings = {
				ALWAYS_SEARCH_USER_PATHS = NO;
				ARCHS = "$(ARCHS_STANDARD_INCLUDING_64_BIT)";
				CLANG_CXX_LANGUAGE_STANDARD = "gnu++0x";
				CLANG_CXX_LIBRARY = "libc++";
				CLANG_ENABLE_MODULES = YES;
				CLANG_ENABLE_OBJC_ARC = YES;
				CLANG_WARN_BOOL_CONVERSION = YES;
				CLANG_WARN_CONSTANT_CONVERSION = YES;
				CLANG_WARN_DIRECT_OBJC_ISA_USAGE = YES_ERROR;
				CLANG_WARN_EMPTY_BODY = YES;
				CLANG_WARN_ENUM_CONVERSION = YES;
				CLANG_WARN_INT_CONVERSION = YES;
				CLANG_WARN_OBJC_ROOT_CLASS = YES_ERROR;
				CLANG_WARN__DUPLICATE_METHOD_MATCH = YES;
				CODE_SIGN_IDENTITY = "iPhone Developer: Dingding Qu (YCH8CLFMN8)";
				"CODE_SIGN_IDENTITY[sdk=iphoneos*]" = "iPhone Developer: Dingding Qu (YCH8CLFMN8)";
				COPY_PHASE_STRIP = NO;
				GCC_C_LANGUAGE_STANDARD = gnu99;
				GCC_DYNAMIC_NO_PIC = NO;
				GCC_OPTIMIZATION_LEVEL = 0;
				GCC_PREPROCESSOR_DEFINITIONS = (
					"DEBUG=1",
					"$(inherited)",
				);
				GCC_SYMBOLS_PRIVATE_EXTERN = NO;
				GCC_WARN_64_TO_32_BIT_CONVERSION = YES;
				GCC_WARN_ABOUT_RETURN_TYPE = YES_ERROR;
				GCC_WARN_UNDECLARED_SELECTOR = YES;
				GCC_WARN_UNINITIALIZED_AUTOS = YES;
				GCC_WARN_UNUSED_FUNCTION = YES;
				GCC_WARN_UNUSED_VARIABLE = YES;
				IPHONEOS_DEPLOYMENT_TARGET = 7.0;
				ONLY_ACTIVE_ARCH = YES;
				PROVISIONING_PROFILE = "3B5C0B72-93A6-4E29-B6DC-BDAE041DB741";
				SDKROOT = iphoneos;
			};
			name = Debug;
		};
		01454956186C19A2007E8C25 /* Release */ = {
			isa = XCBuildConfiguration;
			buildSettings = {
				ALWAYS_SEARCH_USER_PATHS = NO;
				ARCHS = "$(ARCHS_STANDARD_INCLUDING_64_BIT)";
				CLANG_CXX_LANGUAGE_STANDARD = "gnu++0x";
				CLANG_CXX_LIBRARY = "libc++";
				CLANG_ENABLE_MODULES = YES;
				CLANG_ENABLE_OBJC_ARC = YES;
				CLANG_WARN_BOOL_CONVERSION = YES;
				CLANG_WARN_CONSTANT_CONVERSION = YES;
				CLANG_WARN_DIRECT_OBJC_ISA_USAGE = YES_ERROR;
				CLANG_WARN_EMPTY_BODY = YES;
				CLANG_WARN_ENUM_CONVERSION = YES;
				CLANG_WARN_INT_CONVERSION = YES;
				CLANG_WARN_OBJC_ROOT_CLASS = YES_ERROR;
				CLANG_WARN__DUPLICATE_METHOD_MATCH = YES;
				CODE_SIGN_IDENTITY = "iPhone Distribution: Dingding Qu (9KP5LLH6LH)";
				"CODE_SIGN_IDENTITY[sdk=iphoneos*]" = "iPhone Distribution: Dingding Qu (9KP5LLH6LH)";
				COPY_PHASE_STRIP = YES;
				ENABLE_NS_ASSERTIONS = NO;
				GCC_C_LANGUAGE_STANDARD = gnu99;
				GCC_WARN_64_TO_32_BIT_CONVERSION = YES;
				GCC_WARN_ABOUT_RETURN_TYPE = YES_ERROR;
				GCC_WARN_UNDECLARED_SELECTOR = YES;
				GCC_WARN_UNINITIALIZED_AUTOS = YES;
				GCC_WARN_UNUSED_FUNCTION = YES;
				GCC_WARN_UNUSED_VARIABLE = YES;
				IPHONEOS_DEPLOYMENT_TARGET = 7.0;
				PROVISIONING_PROFILE = "1AE67722-2351-4AEF-AD83-1C3F2AFF8296";
				SDKROOT = iphoneos;
				VALIDATE_PRODUCT = YES;
			};
			name = Release;
		};
		01454958186C19A2007E8C25 /* Debug */ = {
			isa = XCBuildConfiguration;
			buildSettings = {
				ASSETCATALOG_COMPILER_APPICON_NAME = AppIcon;
				ASSETCATALOG_COMPILER_LAUNCHIMAGE_NAME = LaunchImage;
				CODE_SIGN_IDENTITY = "iPhone Developer: Dingding Qu (YCH8CLFMN8)";
				GCC_PRECOMPILE_PREFIX_HEADER = YES;
				GCC_PREFIX_HEADER = "HFCampus/HFCampus-Prefix.pch";
				INFOPLIST_FILE = "HFCampus/HFCampus-Info.plist";
				IPHONEOS_DEPLOYMENT_TARGET = 7.0;
				PRODUCT_NAME = "$(TARGET_NAME)";
				PROVISIONING_PROFILE = "3B5C0B72-93A6-4E29-B6DC-BDAE041DB741";
				WRAPPER_EXTENSION = app;
			};
			name = Debug;
		};
		01454959186C19A2007E8C25 /* Release */ = {
			isa = XCBuildConfiguration;
			buildSettings = {
				ASSETCATALOG_COMPILER_APPICON_NAME = AppIcon;
				ASSETCATALOG_COMPILER_LAUNCHIMAGE_NAME = LaunchImage;
				CODE_SIGN_IDENTITY = "iPhone Distribution: Dingding Qu (9KP5LLH6LH)";
				GCC_PRECOMPILE_PREFIX_HEADER = YES;
				GCC_PREFIX_HEADER = "HFCampus/HFCampus-Prefix.pch";
				INFOPLIST_FILE = "HFCampus/HFCampus-Info.plist";
				IPHONEOS_DEPLOYMENT_TARGET = 7.0;
				PRODUCT_NAME = "$(TARGET_NAME)";
				PROVISIONING_PROFILE = "1AE67722-2351-4AEF-AD83-1C3F2AFF8296";
				WRAPPER_EXTENSION = app;
			};
			name = Release;
		};
		0145495B186C19A2007E8C25 /* Debug */ = {
			isa = XCBuildConfiguration;
			buildSettings = {
				ARCHS = "$(ARCHS_STANDARD_INCLUDING_64_BIT)";
				BUNDLE_LOADER = "$(BUILT_PRODUCTS_DIR)/HFCampus.app/HFCampus";
				FRAMEWORK_SEARCH_PATHS = (
					"$(SDKROOT)/Developer/Library/Frameworks",
					"$(inherited)",
					"$(DEVELOPER_FRAMEWORKS_DIR)",
				);
				GCC_PRECOMPILE_PREFIX_HEADER = YES;
				GCC_PREFIX_HEADER = "HFCampus/HFCampus-Prefix.pch";
				GCC_PREPROCESSOR_DEFINITIONS = (
					"DEBUG=1",
					"$(inherited)",
				);
				INFOPLIST_FILE = "HFCampusTests/HFCampusTests-Info.plist";
				PRODUCT_NAME = "$(TARGET_NAME)";
				TEST_HOST = "$(BUNDLE_LOADER)";
				WRAPPER_EXTENSION = xctest;
			};
			name = Debug;
		};
		0145495C186C19A2007E8C25 /* Release */ = {
			isa = XCBuildConfiguration;
			buildSettings = {
				ARCHS = "$(ARCHS_STANDARD_INCLUDING_64_BIT)";
				BUNDLE_LOADER = "$(BUILT_PRODUCTS_DIR)/HFCampus.app/HFCampus";
				FRAMEWORK_SEARCH_PATHS = (
					"$(SDKROOT)/Developer/Library/Frameworks",
					"$(inherited)",
					"$(DEVELOPER_FRAMEWORKS_DIR)",
				);
				GCC_PRECOMPILE_PREFIX_HEADER = YES;
				GCC_PREFIX_HEADER = "HFCampus/HFCampus-Prefix.pch";
				INFOPLIST_FILE = "HFCampusTests/HFCampusTests-Info.plist";
				PRODUCT_NAME = "$(TARGET_NAME)";
				TEST_HOST = "$(BUNDLE_LOADER)";
				WRAPPER_EXTENSION = xctest;
			};
			name = Release;
		};
/* End XCBuildConfiguration section */

/* Begin XCConfigurationList section */
		01454920186C19A2007E8C25 /* Build configuration list for PBXProject "HFCampus" */ = {
			isa = XCConfigurationList;
			buildConfigurations = (
				01454955186C19A2007E8C25 /* Debug */,
				01454956186C19A2007E8C25 /* Release */,
			);
			defaultConfigurationIsVisible = 0;
			defaultConfigurationName = Release;
		};
		01454957186C19A2007E8C25 /* Build configuration list for PBXNativeTarget "HFCampus" */ = {
			isa = XCConfigurationList;
			buildConfigurations = (
				01454958186C19A2007E8C25 /* Debug */,
				01454959186C19A2007E8C25 /* Release */,
			);
			defaultConfigurationIsVisible = 0;
			defaultConfigurationName = Release;
		};
		0145495A186C19A2007E8C25 /* Build configuration list for PBXNativeTarget "HFCampusTests" */ = {
			isa = XCConfigurationList;
			buildConfigurations = (
				0145495B186C19A2007E8C25 /* Debug */,
				0145495C186C19A2007E8C25 /* Release */,
			);
			defaultConfigurationIsVisible = 0;
			defaultConfigurationName = Release;
		};
/* End XCConfigurationList section */
	};
	rootObject = 0145491D186C19A2007E8C25 /* Project object */;
}
